
Microsoft Visual Studio Solution File, Format Version 12.00
# Visual Studio 15
VisualStudioVersion = 15.0.26730.15
MinimumVisualStudioVersion = 10.0.40219.1
Project("{FAE04EC0-301F-11D3-BF4B-00C04F79EFBC}") = "Test", "Test\Test.csproj", "{2C7615A9-31D0-452E-9878-0AD7013AC42D}"
EndProject
Project("{FAE04EC0-301F-11D3-BF4B-00C04F79EFBC}") = "01_Budget_071114", "01_Budget_071114\01_Budget_071114.csproj", "{36328260-6511-43F3-ADC4-B83A0FAC3A5D}"
EndProject
Project("{FAE04EC0-301F-11D3-BF4B-00C04F79EFBC}") = "01_BookProblem_260415_M", "01_BookProblem_260415_M\01_BookProblem_260415_M.csproj", "{FA1B549E-CC59-45E2-BDAF-3D52941FBF12}"
EndProject
Project("{FAE04EC0-301F-11D3-BF4B-00C04F79EFBC}") = "01_Airlines_081114", "01_Airlines_081114\01_Airlines_081114.csproj", "{C6760C8F-D242-408D-8C53-E8A9C594DE5A}"
EndProject
Project("{FAE04EC0-301F-11D3-BF4B-00C04F79EFBC}") = "01_Volleyball_100414_E", "01_Volleyball_100414_E\01_Volleyball_100414_E.csproj", "{89787B68-B633-4C7E-8E75-D1CA47E99040}"
EndProject
Project("{FAE04EC0-301F-11D3-BF4B-00C04F79EFBC}") = "01_JoroTheFootballPlayer_100414_M", "01_JoroTheFootballPlayer_100414_M\01_JoroTheFootballPlayer_100414_M.csproj", "{7ABEC926-7F2A-45B6-91A7-6E55636A7ADB}"
EndProject
Project("{FAE04EC0-301F-11D3-BF4B-00C04F79EFBC}") = "01_Cinema_110414_E", "01_Cinema_110414_E\01_Cinema_110414_E.csproj", "{CE0AB88B-E6D7-457D-AC02-149F336AF9E9}"
EndProject
Project("{FAE04EC0-301F-11D3-BF4B-00C04F79EFBC}") = "01_WorkHours_110414_M", "01_WorkHours_110414_M\01_WorkHours_110414_M.csproj", "{4F0ABDE6-E380-40D0-889F-00215BD50D0F}"
EndProject
Project("{FAE04EC0-301F-11D3-BF4B-00C04F79EFBC}") = "01_Triangle_120414_M", "01_Triangle_120414_M\01_Triangle_120414_M.csproj", "{A54E94E9-4B71-48F7-B93D-34A58CDD9894}"
EndProject
Project("{FAE04EC0-301F-11D3-BF4B-00C04F79EFBC}") = "01_Schedule_120414_E", "01_Schedule_120414_E\01_Schedule_120414_E.csproj", "{4F32B189-398F-4A2B-BD4A-CD89749AAEAD}"
EndProject
Project("{FAE04EC0-301F-11D3-BF4B-00C04F79EFBC}") = "01_InsideTheBuilding_140414_E", "01_InsideTheBuilding_140414_E\01_InsideTheBuilding_140414_E.csproj", "{3FBB81C6-08D8-4E20-90FF-5FA2269CDC40}"
EndProject
Project("{FAE04EC0-301F-11D3-BF4B-00C04F79EFBC}") = "01_FruitMarket_140414_M", "01_FruitMarket_140414_M\01_FruitMarket_140414_M.csproj", "{26437884-5C9E-4B2C-91BD-FE25C17B2C9C}"
EndProject
Project("{FAE04EC0-301F-11D3-BF4B-00C04F79EFBC}") = "01_TravellerBob_191214", "01_TravellerBob_191214\01_TravellerBob_191214.csproj", "{C3AFFC6E-EC39-4CA5-8DF0-12C800685710}"
EndProject
Project("{FAE04EC0-301F-11D3-BF4B-00C04F79EFBC}") = "01_PiggyBank_201214", "01_PiggyBank_201214\01_PiggyBank_201214.csproj", "{BCEF8DFB-F5DC-488A-BF58-733C88C675EC}"
EndProject
Project("{FAE04EC0-301F-11D3-BF4B-00C04F79EFBC}") = "01_Tables_220814", "01_Tables_220814\01_Tables_220814.csproj", "{93410183-BBA2-4DEB-9718-00EC36D9D20C}"
EndProject
Project("{FAE04EC0-301F-11D3-BF4B-00C04F79EFBC}") = "01_Electricity_250714_E", "01_Electricity_250714_E\01_Electricity_250714_E.csproj", "{DB59EEC0-C15F-4FF8-AF47-7E70F4449626}"
EndProject
Project("{FAE04EC0-301F-11D3-BF4B-00C04F79EFBC}") = "01_MelonsAndWatermelons_250714_M", "01_MelonsAndWatermelons_250714_M\01_MelonsAndWatermelons_250714_M.csproj", "{F6CDA175-082B-4447-9D76-C8FE9BBCB64E}"
EndProject
Project("{FAE04EC0-301F-11D3-BF4B-00C04F79EFBC}") = "01_TicTacToePower_260814", "01_TicTacToePower_260814\01_TicTacToePower_260814.csproj", "{7ECECB1D-0CC4-43DD-B252-E67DDC5252D5}"
EndProject
Project("{FAE04EC0-301F-11D3-BF4B-00C04F79EFBC}") = "01_FitBoxInBox_280414", "01_FitBoxInBox_280414\01_FitBoxInBox_280414.csproj", "{ECAC405E-3A94-4F49-A937-A36317F747BF}"
EndProject
Project("{FAE04EC0-301F-11D3-BF4B-00C04F79EFBC}") = "01_SimpleCalculation_0514", "01_SimpleCalculation_0514\01_SimpleCalculation_0514.csproj", "{073C53F9-D970-4DCF-A1D8-EEE0D2EBD660}"
EndProject
Project("{FAE04EC0-301F-11D3-BF4B-00C04F79EFBC}") = "01_CompoundInterest_260415_E", "01_CompoundInterest_260415_E\01_CompoundInterest_260415_E.csproj", "{F9766C53-67B0-43A5-B52A-4EA042BFDCD1}"
EndProject
Project("{FAE04EC0-301F-11D3-BF4B-00C04F79EFBC}") = "03_House_120414_M", "03_House_120414_M\03_House_120414_M.csproj", "{24DE4D65-296B-44E5-9A0C-E6F98798E6A0}"
EndProject
Project("{FAE04EC0-301F-11D3-BF4B-00C04F79EFBC}") = "03_PandaScotlandFlag_250714_M", "03_PandaScotlandFlag_250714_M\03_PandaScotlandFlag_250714_M.csproj", "{43378EB6-16D4-4B8F-A348-B49377E960F9}"
EndProject
Project("{FAE04EC0-301F-11D3-BF4B-00C04F79EFBC}") = "03_Plane_071114", "03_Plane_071114\03_Plane_071114.csproj", "{D72E8C82-21C4-46E4-A18D-3599C15B467B}"
EndProject
Project("{FAE04EC0-301F-11D3-BF4B-00C04F79EFBC}") = "03_Roklq_081114", "03_Roklq_081114\03_Roklq_081114.csproj", "{35C8C3EE-9C2C-4806-8BF7-EF5D7A8A2723}"
EndProject
Project("{FAE04EC0-301F-11D3-BF4B-00C04F79EFBC}") = "03_Eclipse_100414_E", "03_Eclipse_100414_E\03_Eclipse_100414_E.csproj", "{1A825968-BD5F-4998-B423-2C4C6C24F140}"
EndProject
Project("{FAE04EC0-301F-11D3-BF4B-00C04F79EFBC}") = "03_Sunglasses_100414_M", "03_Sunglasses_100414_M\03_Sunglasses_100414_M.csproj", "{EB972A15-5B04-4469-A6B3-C4C66804212C}"
EndProject
Project("{FAE04EC0-301F-11D3-BF4B-00C04F79EFBC}") = "03_NewHouse_110414_E", "03_NewHouse_110414_E\03_NewHouse_110414_E.csproj", "{C56CAA9A-41AA-4ECB-9372-374F3D300610}"
EndProject
Project("{FAE04EC0-301F-11D3-BF4B-00C04F79EFBC}") = "03_TheExplorer_110414_М", "03_TheExplorer_110414_М\03_TheExplorer_110414_М.csproj", "{AE7B2117-B0CA-44B5-981B-46118EBC10B4}"
EndProject
Project("{FAE04EC0-301F-11D3-BF4B-00C04F79EFBC}") = "03_Arrow_120412_E", "03_Arrow_120412_E\03_Arrow_120412_E.csproj", "{531651A2-B216-4939-851F-1A64119EA2D6}"
EndProject
Project("{FAE04EC0-301F-11D3-BF4B-00C04F79EFBC}") = "03_ProgrammerDNA_140414_E", "03_ProgrammerDNA_140414_E\03_ProgrammerDNA_140414_E.csproj", "{5B5A8DC7-8CB5-4BC8-935C-0336EF332507}"
EndProject
Project("{FAE04EC0-301F-11D3-BF4B-00C04F79EFBC}") = "03_WineGlass_140414_M", "03_WineGlass_140414_M\03_WineGlass_140414_M.csproj", "{509E0419-517D-4D82-8B9D-F775ACEE1708}"
EndProject
Project("{FAE04EC0-301F-11D3-BF4B-00C04F79EFBC}") = "03_Headphones_191214", "03_Headphones_191214\03_Headphones_191214.csproj", "{FB0CD0BE-106A-4725-8C1F-E8A7D8D0475B}"
EndProject
Project("{FAE04EC0-301F-11D3-BF4B-00C04F79EFBC}") = "03_Boat_201214", "03_Boat_201214\03_Boat_201214.csproj", "{0100A378-6871-4753-A285-8A916244CC84}"
EndProject
Project("{FAE04EC0-301F-11D3-BF4B-00C04F79EFBC}") = "03_Car_220814", "03_Car_220814\03_Car_220814.csproj", "{03F3B5FB-4B62-44E1-B8EC-9E887452BC1E}"
EndProject
Project("{FAE04EC0-301F-11D3-BF4B-00C04F79EFBC}") = "03_HouseWithAWindow_250714_E", "03_HouseWithAWindow_250714_E\03_HouseWithAWindow_250714_E.csproj", "{A08E8C3F-7C9D-44FE-94CD-BF9495C33AFA}"
EndProject
Project("{FAE04EC0-301F-11D3-BF4B-00C04F79EFBC}") = "03_Star_260814", "03_Star_260814\03_Star_260814.csproj", "{1B7A39F7-775C-4071-96A9-5EDFE6BD754D}"
EndProject
Project("{FAE04EC0-301F-11D3-BF4B-00C04F79EFBC}") = "03_Disk_280414", "03_Disk_280414\03_Disk_280414.csproj", "{AB880B04-7142-4CD7-B792-9B70090A1405}"
EndProject
Project("{FAE04EC0-301F-11D3-BF4B-00C04F79EFBC}") = "03_SandGlass_0514", "03_SandGlass_0514\03_SandGlass_0514.csproj", "{D88DF60F-0C54-47BE-887D-F20D07558EEA}"
EndProject
Project("{FAE04EC0-301F-11D3-BF4B-00C04F79EFBC}") = "03_Sunlight_260415_E", "03_Sunlight_260415_E\03_Sunlight_260415_E.csproj", "{10F78960-F2B5-4EAE-9A2E-016915474C6B}"
EndProject
Project("{FAE04EC0-301F-11D3-BF4B-00C04F79EFBC}") = "03_KingOfThieves_260415_M", "03_KingOfThieves_260415_M\03_KingOfThieves_260415_M.csproj", "{E9892D98-FD4C-45DF-85FC-85774CF60FE1}"
EndProject
Project("{FAE04EC0-301F-11D3-BF4B-00C04F79EFBC}") = "02_OddOrEvenCounter_071114", "02_OddOrEvenCounter_071114\02_OddOrEvenCounter_071114.csproj", "{476A1669-1C1E-4F49-B7E8-90FE74E374D2}"
EndProject
Project("{FAE04EC0-301F-11D3-BF4B-00C04F79EFBC}") = "02_Numerology_081114", "02_Numerology_081114\02_Numerology_081114.csproj", "{41AF9C8E-554A-4421-99CA-EADD9A25FFB1}"
EndProject
Project("{FAE04EC0-301F-11D3-BF4B-00C04F79EFBC}") = "02_OddEvenSum_100414_E", "02_OddEvenSum_100414_E\02_OddEvenSum_100414_E.csproj", "{1BD65EDF-605E-4F21-A63A-6CF1ECF32247}"
EndProject
Project("{FAE04EC0-301F-11D3-BF4B-00C04F79EFBC}") = "02_HalfSum_100414_M", "02_HalfSum_100414_M\02_HalfSum_100414_M.csproj", "{20971115-D9A6-4A57-982C-43D4E89B3F5D}"
EndProject
Project("{FAE04EC0-301F-11D3-BF4B-00C04F79EFBC}") = "02_Illuminati_110414_E", "02_Illuminati_110414_E\02_Illuminati_110414_E.csproj", "{176ABCE5-C6E3-40AD-94A1-ED6A149F1274}"
EndProject
Project("{FAE04EC0-301F-11D3-BF4B-00C04F79EFBC}") = "02_SumOfElements_110414_M", "02_SumOfElements_110414_M\02_SumOfElements_110414_M.csproj", "{3649D9EA-05E7-46AD-89E4-70E5EE649876}"
EndProject
Project("{FAE04EC0-301F-11D3-BF4B-00C04F79EFBC}") = "02_OddEvenElements_120414_E", "02_OddEvenElements_120414_E\02_OddEvenElements_120414_E.csproj", "{744831EC-ED7A-4989-9191-267EB1F43E09}"
EndProject
Project("{FAE04EC0-301F-11D3-BF4B-00C04F79EFBC}") = "02_Pairs_120414_M", "02_Pairs_120414_M\02_Pairs_120414_M.csproj", "{D90889E5-3B48-498D-8EAD-247608F9D3D8}"
EndProject
Project("{FAE04EC0-301F-11D3-BF4B-00C04F79EFBC}") = "02_StudentCables_140414_E", "02_StudentCables_140414_E\02_StudentCables_140414_E.csproj", "{06F7525C-8723-47D0-B0EC-913A86BBCCB8}"
EndProject
Project("{FAE04EC0-301F-11D3-BF4B-00C04F79EFBC}") = "02_BiggestTriple_140414_M", "02_BiggestTriple_140414_M\02_BiggestTriple_140414_M.csproj", "{2B042653-D31A-443E-90DF-60C735A3B53A}"
EndProject
Project("{FAE04EC0-301F-11D3-BF4B-00C04F79EFBC}") = "02_Pairs_SecondVersion", "02_Pairs_SecondVersion\02_Pairs_SecondVersion.csproj", "{5A61B05F-3E6B-47FB-8878-C2F93C48CC78}"
EndProject
Project("{FAE04EC0-301F-11D3-BF4B-00C04F79EFBC}") = "02_SpyHard_191214", "02_SpyHard_191214\02_SpyHard_191214.csproj", "{23C4F024-CC95-4455-85BD-5C20528EFE8D}"
EndProject
Project("{FAE04EC0-301F-11D3-BF4B-00C04F79EFBC}") = "02_CheatSheet_201214", "02_CheatSheet_201214\02_CheatSheet_201214.csproj", "{C6AAE979-9D27-4D3B-B9D7-0D0C9ABF78E0}"
EndProject
Project("{FAE04EC0-301F-11D3-BF4B-00C04F79EFBC}") = "02_BookOrders_220814", "02_BookOrders_220814\02_BookOrders_220814.csproj", "{22591235-481E-4C9E-B397-675F4E3A2BA8}"
EndProject
Project("{FAE04EC0-301F-11D3-BF4B-00C04F79EFBC}") = "02_OddAndEvenJumps_250714_E", "02_OddAndEvenJumps_250714_E\02_OddAndEvenJumps_250714_E.csproj", "{AB146C4F-0F8E-49F5-889D-DAE9021FD408}"
EndProject
Project("{FAE04EC0-301F-11D3-BF4B-00C04F79EFBC}") = "02_LettersSymbolsNumbers_250714_M", "02_LettersSymbolsNumbers_250714_M\02_LettersSymbolsNumbers_250714_M.csproj", "{FEB8D9CC-2558-4A9F-92BD-99432ED7D8D3}"
EndProject
Project("{FAE04EC0-301F-11D3-BF4B-00C04F79EFBC}") = "02_JumpingSums_260814", "02_JumpingSums_260814\02_JumpingSums_260814.csproj", "{866C305E-50C4-4A44-AB3E-1AF2F2CAA657}"
EndProject
Project("{FAE04EC0-301F-11D3-BF4B-00C04F79EFBC}") = "02_SequenceOfKNumbers_280414", "02_SequenceOfKNumbers_280414\02_SequenceOfKNumbers_280414.csproj", "{BDA4CB09-BE89-4044-BA8E-951C4919C1C7}"
EndProject
Project("{FAE04EC0-301F-11D3-BF4B-00C04F79EFBC}") = "02_SipmpleLoops_0514", "02_SipmpleLoops_0514\02_SipmpleLoops_0514.csproj", "{F4A456BC-9CB1-4EEC-AF96-CAE1FDB35E7B}"
EndProject
Project("{FAE04EC0-301F-11D3-BF4B-00C04F79EFBC}") = "02_PeterGame_260414_E", "02_PeterGame_260414_E\02_PeterGame_260414_E.csproj", "{B7914CA3-CFCA-407D-8ED9-CE56ED323CB9}"
EndProject
Project("{FAE04EC0-301F-11D3-BF4B-00C04F79EFBC}") = "02_ChessboardGame_260415_M", "02_ChessboardGame_260415_M\02_ChessboardGame_260415_M.csproj", "{713A6210-43A7-4F13-946A-7F6592A7E38F}"
EndProject
Project("{FAE04EC0-301F-11D3-BF4B-00C04F79EFBC}") = "04_WeirdCombinations_071114", "04_WeirdCombinations_071114\04_WeirdCombinations_071114.csproj", "{F5AC0C1A-C345-4EB5-88F1-88A153B1EBE8}"
EndProject
Project("{FAE04EC0-301F-11D3-BF4B-00C04F79EFBC}") = "04_Gambling_081114", "04_Gambling_081114\04_Gambling_081114.csproj", "{0A170195-BEC6-4BD3-BB7C-9B8CE6F6C26A}"
EndProject
Project("{FAE04EC0-301F-11D3-BF4B-00C04F79EFBC}") = "04_HayvanNumbers_100414_E", "04_HayvanNumbers_100414_E\04_HayvanNumbers_100414_E.csproj", "{C82A41A1-6289-492B-A2E7-0C455933CE9D}"
EndProject
Project("{FAE04EC0-301F-11D3-BF4B-00C04F79EFBC}") = "04_NineDigitMagicNumbers_100414_M", "04_NineDigitMagicNumbers_100414_M\04_NineDigitMagicNumbers_100414_M.csproj", "{4F502D1E-D8D1-41C3-87AA-3C3DA7FF4907}"
EndProject
Project("{FAE04EC0-301F-11D3-BF4B-00C04F79EFBC}") = "04_CrossingSequences_110414_E", "04_CrossingSequences_110414_E\04_CrossingSequences_110414_E.csproj", "{ECF9FCA3-4CD3-43A3-9AD8-A7B5EBAB109D}"
EndProject
Project("{FAE04EC0-301F-11D3-BF4B-00C04F79EFBC}") = "04_MagicStrings_110414_M", "04_MagicStrings_110414_M\04_MagicStrings_110414_M.csproj", "{A61B3F9A-85CB-4CEA-AA27-51084AFE6918}"
EndProject
Project("{FAE04EC0-301F-11D3-BF4B-00C04F79EFBC}") = "04_FiveSpecialLetters_120414_E", "04_FiveSpecialLetters_120414_E\04_FiveSpecialLetters_120414_E.csproj", "{CA83E993-B1D4-4A22-84B4-0CE547CD0F03}"
EndProject
Project("{FAE04EC0-301F-11D3-BF4B-00C04F79EFBC}") = "04_MagicDates_120414_M", "04_MagicDates_120414_M\04_MagicDates_120414_M.csproj", "{AE9785F0-CF39-4F51-9AC9-70FA66138E12}"
EndProject
Project("{FAE04EC0-301F-11D3-BF4B-00C04F79EFBC}") = "04_MagicCarNumbers_140414_E", "04_MagicCarNumbers_140414_E\04_MagicCarNumbers_140414_E.csproj", "{3C6B9942-AEBD-4E0F-9A98-0A540CD44677}"
EndProject
Project("{FAE04EC0-301F-11D3-BF4B-00C04F79EFBC}") = "ConsoleApp1", "ConsoleApp1\ConsoleApp1.csproj", "{7F6B53C1-F15C-4D2E-B1D8-AEA6822A94B1}"
EndProject
Global
	GlobalSection(SolutionConfigurationPlatforms) = preSolution
		Debug|Any CPU = Debug|Any CPU
		Debug|Mixed Platforms = Debug|Mixed Platforms
		Debug|x86 = Debug|x86
		Release|Any CPU = Release|Any CPU
		Release|Mixed Platforms = Release|Mixed Platforms
		Release|x86 = Release|x86
	EndGlobalSection
	GlobalSection(ProjectConfigurationPlatforms) = postSolution
		{2C7615A9-31D0-452E-9878-0AD7013AC42D}.Debug|Any CPU.ActiveCfg = Debug|Any CPU
		{2C7615A9-31D0-452E-9878-0AD7013AC42D}.Debug|Any CPU.Build.0 = Debug|Any CPU
		{2C7615A9-31D0-452E-9878-0AD7013AC42D}.Debug|Mixed Platforms.ActiveCfg = Debug|Any CPU
		{2C7615A9-31D0-452E-9878-0AD7013AC42D}.Debug|Mixed Platforms.Build.0 = Debug|Any CPU
		{2C7615A9-31D0-452E-9878-0AD7013AC42D}.Debug|x86.ActiveCfg = Debug|Any CPU
		{2C7615A9-31D0-452E-9878-0AD7013AC42D}.Release|Any CPU.ActiveCfg = Release|Any CPU
		{2C7615A9-31D0-452E-9878-0AD7013AC42D}.Release|Any CPU.Build.0 = Release|Any CPU
		{2C7615A9-31D0-452E-9878-0AD7013AC42D}.Release|Mixed Platforms.ActiveCfg = Release|Any CPU
		{2C7615A9-31D0-452E-9878-0AD7013AC42D}.Release|Mixed Platforms.Build.0 = Release|Any CPU
		{2C7615A9-31D0-452E-9878-0AD7013AC42D}.Release|x86.ActiveCfg = Release|Any CPU
		{36328260-6511-43F3-ADC4-B83A0FAC3A5D}.Debug|Any CPU.ActiveCfg = Debug|Any CPU
		{36328260-6511-43F3-ADC4-B83A0FAC3A5D}.Debug|Any CPU.Build.0 = Debug|Any CPU
		{36328260-6511-43F3-ADC4-B83A0FAC3A5D}.Debug|Mixed Platforms.ActiveCfg = Debug|Any CPU
		{36328260-6511-43F3-ADC4-B83A0FAC3A5D}.Debug|Mixed Platforms.Build.0 = Debug|Any CPU
		{36328260-6511-43F3-ADC4-B83A0FAC3A5D}.Debug|x86.ActiveCfg = Debug|Any CPU
		{36328260-6511-43F3-ADC4-B83A0FAC3A5D}.Release|Any CPU.ActiveCfg = Release|Any CPU
		{36328260-6511-43F3-ADC4-B83A0FAC3A5D}.Release|Any CPU.Build.0 = Release|Any CPU
		{36328260-6511-43F3-ADC4-B83A0FAC3A5D}.Release|Mixed Platforms.ActiveCfg = Release|Any CPU
		{36328260-6511-43F3-ADC4-B83A0FAC3A5D}.Release|Mixed Platforms.Build.0 = Release|Any CPU
		{36328260-6511-43F3-ADC4-B83A0FAC3A5D}.Release|x86.ActiveCfg = Release|Any CPU
		{FA1B549E-CC59-45E2-BDAF-3D52941FBF12}.Debug|Any CPU.ActiveCfg = Debug|Any CPU
		{FA1B549E-CC59-45E2-BDAF-3D52941FBF12}.Debug|Any CPU.Build.0 = Debug|Any CPU
		{FA1B549E-CC59-45E2-BDAF-3D52941FBF12}.Debug|Mixed Platforms.ActiveCfg = Debug|Any CPU
		{FA1B549E-CC59-45E2-BDAF-3D52941FBF12}.Debug|Mixed Platforms.Build.0 = Debug|Any CPU
		{FA1B549E-CC59-45E2-BDAF-3D52941FBF12}.Debug|x86.ActiveCfg = Debug|Any CPU
		{FA1B549E-CC59-45E2-BDAF-3D52941FBF12}.Release|Any CPU.ActiveCfg = Release|Any CPU
		{FA1B549E-CC59-45E2-BDAF-3D52941FBF12}.Release|Any CPU.Build.0 = Release|Any CPU
		{FA1B549E-CC59-45E2-BDAF-3D52941FBF12}.Release|Mixed Platforms.ActiveCfg = Release|Any CPU
		{FA1B549E-CC59-45E2-BDAF-3D52941FBF12}.Release|Mixed Platforms.Build.0 = Release|Any CPU
		{FA1B549E-CC59-45E2-BDAF-3D52941FBF12}.Release|x86.ActiveCfg = Release|Any CPU
		{C6760C8F-D242-408D-8C53-E8A9C594DE5A}.Debug|Any CPU.ActiveCfg = Debug|Any CPU
		{C6760C8F-D242-408D-8C53-E8A9C594DE5A}.Debug|Any CPU.Build.0 = Debug|Any CPU
		{C6760C8F-D242-408D-8C53-E8A9C594DE5A}.Debug|Mixed Platforms.ActiveCfg = Debug|Any CPU
		{C6760C8F-D242-408D-8C53-E8A9C594DE5A}.Debug|Mixed Platforms.Build.0 = Debug|Any CPU
		{C6760C8F-D242-408D-8C53-E8A9C594DE5A}.Debug|x86.ActiveCfg = Debug|Any CPU
		{C6760C8F-D242-408D-8C53-E8A9C594DE5A}.Release|Any CPU.ActiveCfg = Release|Any CPU
		{C6760C8F-D242-408D-8C53-E8A9C594DE5A}.Release|Any CPU.Build.0 = Release|Any CPU
		{C6760C8F-D242-408D-8C53-E8A9C594DE5A}.Release|Mixed Platforms.ActiveCfg = Release|Any CPU
		{C6760C8F-D242-408D-8C53-E8A9C594DE5A}.Release|Mixed Platforms.Build.0 = Release|Any CPU
		{C6760C8F-D242-408D-8C53-E8A9C594DE5A}.Release|x86.ActiveCfg = Release|Any CPU
		{89787B68-B633-4C7E-8E75-D1CA47E99040}.Debug|Any CPU.ActiveCfg = Debug|Any CPU
		{89787B68-B633-4C7E-8E75-D1CA47E99040}.Debug|Any CPU.Build.0 = Debug|Any CPU
		{89787B68-B633-4C7E-8E75-D1CA47E99040}.Debug|Mixed Platforms.ActiveCfg = Debug|Any CPU
		{89787B68-B633-4C7E-8E75-D1CA47E99040}.Debug|Mixed Platforms.Build.0 = Debug|Any CPU
		{89787B68-B633-4C7E-8E75-D1CA47E99040}.Debug|x86.ActiveCfg = Debug|Any CPU
		{89787B68-B633-4C7E-8E75-D1CA47E99040}.Release|Any CPU.ActiveCfg = Release|Any CPU
		{89787B68-B633-4C7E-8E75-D1CA47E99040}.Release|Any CPU.Build.0 = Release|Any CPU
		{89787B68-B633-4C7E-8E75-D1CA47E99040}.Release|Mixed Platforms.ActiveCfg = Release|Any CPU
		{89787B68-B633-4C7E-8E75-D1CA47E99040}.Release|Mixed Platforms.Build.0 = Release|Any CPU
		{89787B68-B633-4C7E-8E75-D1CA47E99040}.Release|x86.ActiveCfg = Release|Any CPU
		{7ABEC926-7F2A-45B6-91A7-6E55636A7ADB}.Debug|Any CPU.ActiveCfg = Debug|Any CPU
		{7ABEC926-7F2A-45B6-91A7-6E55636A7ADB}.Debug|Any CPU.Build.0 = Debug|Any CPU
		{7ABEC926-7F2A-45B6-91A7-6E55636A7ADB}.Debug|Mixed Platforms.ActiveCfg = Debug|Any CPU
		{7ABEC926-7F2A-45B6-91A7-6E55636A7ADB}.Debug|Mixed Platforms.Build.0 = Debug|Any CPU
		{7ABEC926-7F2A-45B6-91A7-6E55636A7ADB}.Debug|x86.ActiveCfg = Debug|Any CPU
		{7ABEC926-7F2A-45B6-91A7-6E55636A7ADB}.Release|Any CPU.ActiveCfg = Release|Any CPU
		{7ABEC926-7F2A-45B6-91A7-6E55636A7ADB}.Release|Any CPU.Build.0 = Release|Any CPU
		{7ABEC926-7F2A-45B6-91A7-6E55636A7ADB}.Release|Mixed Platforms.ActiveCfg = Release|Any CPU
		{7ABEC926-7F2A-45B6-91A7-6E55636A7ADB}.Release|Mixed Platforms.Build.0 = Release|Any CPU
		{7ABEC926-7F2A-45B6-91A7-6E55636A7ADB}.Release|x86.ActiveCfg = Release|Any CPU
		{CE0AB88B-E6D7-457D-AC02-149F336AF9E9}.Debug|Any CPU.ActiveCfg = Debug|Any CPU
		{CE0AB88B-E6D7-457D-AC02-149F336AF9E9}.Debug|Any CPU.Build.0 = Debug|Any CPU
		{CE0AB88B-E6D7-457D-AC02-149F336AF9E9}.Debug|Mixed Platforms.ActiveCfg = Debug|Any CPU
		{CE0AB88B-E6D7-457D-AC02-149F336AF9E9}.Debug|Mixed Platforms.Build.0 = Debug|Any CPU
		{CE0AB88B-E6D7-457D-AC02-149F336AF9E9}.Debug|x86.ActiveCfg = Debug|Any CPU
		{CE0AB88B-E6D7-457D-AC02-149F336AF9E9}.Release|Any CPU.ActiveCfg = Release|Any CPU
		{CE0AB88B-E6D7-457D-AC02-149F336AF9E9}.Release|Any CPU.Build.0 = Release|Any CPU
		{CE0AB88B-E6D7-457D-AC02-149F336AF9E9}.Release|Mixed Platforms.ActiveCfg = Release|Any CPU
		{CE0AB88B-E6D7-457D-AC02-149F336AF9E9}.Release|Mixed Platforms.Build.0 = Release|Any CPU
		{CE0AB88B-E6D7-457D-AC02-149F336AF9E9}.Release|x86.ActiveCfg = Release|Any CPU
		{4F0ABDE6-E380-40D0-889F-00215BD50D0F}.Debug|Any CPU.ActiveCfg = Debug|Any CPU
		{4F0ABDE6-E380-40D0-889F-00215BD50D0F}.Debug|Any CPU.Build.0 = Debug|Any CPU
		{4F0ABDE6-E380-40D0-889F-00215BD50D0F}.Debug|Mixed Platforms.ActiveCfg = Debug|Any CPU
		{4F0ABDE6-E380-40D0-889F-00215BD50D0F}.Debug|Mixed Platforms.Build.0 = Debug|Any CPU
		{4F0ABDE6-E380-40D0-889F-00215BD50D0F}.Debug|x86.ActiveCfg = Debug|Any CPU
		{4F0ABDE6-E380-40D0-889F-00215BD50D0F}.Release|Any CPU.ActiveCfg = Release|Any CPU
		{4F0ABDE6-E380-40D0-889F-00215BD50D0F}.Release|Any CPU.Build.0 = Release|Any CPU
		{4F0ABDE6-E380-40D0-889F-00215BD50D0F}.Release|Mixed Platforms.ActiveCfg = Release|Any CPU
		{4F0ABDE6-E380-40D0-889F-00215BD50D0F}.Release|Mixed Platforms.Build.0 = Release|Any CPU
		{4F0ABDE6-E380-40D0-889F-00215BD50D0F}.Release|x86.ActiveCfg = Release|Any CPU
		{A54E94E9-4B71-48F7-B93D-34A58CDD9894}.Debug|Any CPU.ActiveCfg = Debug|Any CPU
		{A54E94E9-4B71-48F7-B93D-34A58CDD9894}.Debug|Any CPU.Build.0 = Debug|Any CPU
		{A54E94E9-4B71-48F7-B93D-34A58CDD9894}.Debug|Mixed Platforms.ActiveCfg = Debug|Any CPU
		{A54E94E9-4B71-48F7-B93D-34A58CDD9894}.Debug|Mixed Platforms.Build.0 = Debug|Any CPU
		{A54E94E9-4B71-48F7-B93D-34A58CDD9894}.Debug|x86.ActiveCfg = Debug|Any CPU
		{A54E94E9-4B71-48F7-B93D-34A58CDD9894}.Release|Any CPU.ActiveCfg = Release|Any CPU
		{A54E94E9-4B71-48F7-B93D-34A58CDD9894}.Release|Any CPU.Build.0 = Release|Any CPU
		{A54E94E9-4B71-48F7-B93D-34A58CDD9894}.Release|Mixed Platforms.ActiveCfg = Release|Any CPU
		{A54E94E9-4B71-48F7-B93D-34A58CDD9894}.Release|Mixed Platforms.Build.0 = Release|Any CPU
		{A54E94E9-4B71-48F7-B93D-34A58CDD9894}.Release|x86.ActiveCfg = Release|Any CPU
		{4F32B189-398F-4A2B-BD4A-CD89749AAEAD}.Debug|Any CPU.ActiveCfg = Debug|Any CPU
		{4F32B189-398F-4A2B-BD4A-CD89749AAEAD}.Debug|Any CPU.Build.0 = Debug|Any CPU
		{4F32B189-398F-4A2B-BD4A-CD89749AAEAD}.Debug|Mixed Platforms.ActiveCfg = Debug|Any CPU
		{4F32B189-398F-4A2B-BD4A-CD89749AAEAD}.Debug|Mixed Platforms.Build.0 = Debug|Any CPU
		{4F32B189-398F-4A2B-BD4A-CD89749AAEAD}.Debug|x86.ActiveCfg = Debug|Any CPU
		{4F32B189-398F-4A2B-BD4A-CD89749AAEAD}.Release|Any CPU.ActiveCfg = Release|Any CPU
		{4F32B189-398F-4A2B-BD4A-CD89749AAEAD}.Release|Any CPU.Build.0 = Release|Any CPU
		{4F32B189-398F-4A2B-BD4A-CD89749AAEAD}.Release|Mixed Platforms.ActiveCfg = Release|Any CPU
		{4F32B189-398F-4A2B-BD4A-CD89749AAEAD}.Release|Mixed Platforms.Build.0 = Release|Any CPU
		{4F32B189-398F-4A2B-BD4A-CD89749AAEAD}.Release|x86.ActiveCfg = Release|Any CPU
		{3FBB81C6-08D8-4E20-90FF-5FA2269CDC40}.Debug|Any CPU.ActiveCfg = Debug|Any CPU
		{3FBB81C6-08D8-4E20-90FF-5FA2269CDC40}.Debug|Any CPU.Build.0 = Debug|Any CPU
		{3FBB81C6-08D8-4E20-90FF-5FA2269CDC40}.Debug|Mixed Platforms.ActiveCfg = Debug|Any CPU
		{3FBB81C6-08D8-4E20-90FF-5FA2269CDC40}.Debug|Mixed Platforms.Build.0 = Debug|Any CPU
		{3FBB81C6-08D8-4E20-90FF-5FA2269CDC40}.Debug|x86.ActiveCfg = Debug|Any CPU
		{3FBB81C6-08D8-4E20-90FF-5FA2269CDC40}.Release|Any CPU.ActiveCfg = Release|Any CPU
		{3FBB81C6-08D8-4E20-90FF-5FA2269CDC40}.Release|Any CPU.Build.0 = Release|Any CPU
		{3FBB81C6-08D8-4E20-90FF-5FA2269CDC40}.Release|Mixed Platforms.ActiveCfg = Release|Any CPU
		{3FBB81C6-08D8-4E20-90FF-5FA2269CDC40}.Release|Mixed Platforms.Build.0 = Release|Any CPU
		{3FBB81C6-08D8-4E20-90FF-5FA2269CDC40}.Release|x86.ActiveCfg = Release|Any CPU
		{26437884-5C9E-4B2C-91BD-FE25C17B2C9C}.Debug|Any CPU.ActiveCfg = Debug|Any CPU
		{26437884-5C9E-4B2C-91BD-FE25C17B2C9C}.Debug|Any CPU.Build.0 = Debug|Any CPU
		{26437884-5C9E-4B2C-91BD-FE25C17B2C9C}.Debug|Mixed Platforms.ActiveCfg = Debug|Any CPU
		{26437884-5C9E-4B2C-91BD-FE25C17B2C9C}.Debug|Mixed Platforms.Build.0 = Debug|Any CPU
		{26437884-5C9E-4B2C-91BD-FE25C17B2C9C}.Debug|x86.ActiveCfg = Debug|Any CPU
		{26437884-5C9E-4B2C-91BD-FE25C17B2C9C}.Release|Any CPU.ActiveCfg = Release|Any CPU
		{26437884-5C9E-4B2C-91BD-FE25C17B2C9C}.Release|Any CPU.Build.0 = Release|Any CPU
		{26437884-5C9E-4B2C-91BD-FE25C17B2C9C}.Release|Mixed Platforms.ActiveCfg = Release|Any CPU
		{26437884-5C9E-4B2C-91BD-FE25C17B2C9C}.Release|Mixed Platforms.Build.0 = Release|Any CPU
		{26437884-5C9E-4B2C-91BD-FE25C17B2C9C}.Release|x86.ActiveCfg = Release|Any CPU
		{C3AFFC6E-EC39-4CA5-8DF0-12C800685710}.Debug|Any CPU.ActiveCfg = Debug|Any CPU
		{C3AFFC6E-EC39-4CA5-8DF0-12C800685710}.Debug|Any CPU.Build.0 = Debug|Any CPU
		{C3AFFC6E-EC39-4CA5-8DF0-12C800685710}.Debug|Mixed Platforms.ActiveCfg = Debug|Any CPU
		{C3AFFC6E-EC39-4CA5-8DF0-12C800685710}.Debug|Mixed Platforms.Build.0 = Debug|Any CPU
		{C3AFFC6E-EC39-4CA5-8DF0-12C800685710}.Debug|x86.ActiveCfg = Debug|Any CPU
		{C3AFFC6E-EC39-4CA5-8DF0-12C800685710}.Release|Any CPU.ActiveCfg = Release|Any CPU
		{C3AFFC6E-EC39-4CA5-8DF0-12C800685710}.Release|Any CPU.Build.0 = Release|Any CPU
		{C3AFFC6E-EC39-4CA5-8DF0-12C800685710}.Release|Mixed Platforms.ActiveCfg = Release|Any CPU
		{C3AFFC6E-EC39-4CA5-8DF0-12C800685710}.Release|Mixed Platforms.Build.0 = Release|Any CPU
		{C3AFFC6E-EC39-4CA5-8DF0-12C800685710}.Release|x86.ActiveCfg = Release|Any CPU
		{BCEF8DFB-F5DC-488A-BF58-733C88C675EC}.Debug|Any CPU.ActiveCfg = Debug|Any CPU
		{BCEF8DFB-F5DC-488A-BF58-733C88C675EC}.Debug|Any CPU.Build.0 = Debug|Any CPU
		{BCEF8DFB-F5DC-488A-BF58-733C88C675EC}.Debug|Mixed Platforms.ActiveCfg = Debug|Any CPU
		{BCEF8DFB-F5DC-488A-BF58-733C88C675EC}.Debug|Mixed Platforms.Build.0 = Debug|Any CPU
		{BCEF8DFB-F5DC-488A-BF58-733C88C675EC}.Debug|x86.ActiveCfg = Debug|Any CPU
		{BCEF8DFB-F5DC-488A-BF58-733C88C675EC}.Release|Any CPU.ActiveCfg = Release|Any CPU
		{BCEF8DFB-F5DC-488A-BF58-733C88C675EC}.Release|Any CPU.Build.0 = Release|Any CPU
		{BCEF8DFB-F5DC-488A-BF58-733C88C675EC}.Release|Mixed Platforms.ActiveCfg = Release|Any CPU
		{BCEF8DFB-F5DC-488A-BF58-733C88C675EC}.Release|Mixed Platforms.Build.0 = Release|Any CPU
		{BCEF8DFB-F5DC-488A-BF58-733C88C675EC}.Release|x86.ActiveCfg = Release|Any CPU
		{93410183-BBA2-4DEB-9718-00EC36D9D20C}.Debug|Any CPU.ActiveCfg = Debug|Any CPU
		{93410183-BBA2-4DEB-9718-00EC36D9D20C}.Debug|Any CPU.Build.0 = Debug|Any CPU
		{93410183-BBA2-4DEB-9718-00EC36D9D20C}.Debug|Mixed Platforms.ActiveCfg = Debug|Any CPU
		{93410183-BBA2-4DEB-9718-00EC36D9D20C}.Debug|Mixed Platforms.Build.0 = Debug|Any CPU
		{93410183-BBA2-4DEB-9718-00EC36D9D20C}.Debug|x86.ActiveCfg = Debug|Any CPU
		{93410183-BBA2-4DEB-9718-00EC36D9D20C}.Release|Any CPU.ActiveCfg = Release|Any CPU
		{93410183-BBA2-4DEB-9718-00EC36D9D20C}.Release|Any CPU.Build.0 = Release|Any CPU
		{93410183-BBA2-4DEB-9718-00EC36D9D20C}.Release|Mixed Platforms.ActiveCfg = Release|Any CPU
		{93410183-BBA2-4DEB-9718-00EC36D9D20C}.Release|Mixed Platforms.Build.0 = Release|Any CPU
		{93410183-BBA2-4DEB-9718-00EC36D9D20C}.Release|x86.ActiveCfg = Release|Any CPU
		{DB59EEC0-C15F-4FF8-AF47-7E70F4449626}.Debug|Any CPU.ActiveCfg = Debug|Any CPU
		{DB59EEC0-C15F-4FF8-AF47-7E70F4449626}.Debug|Any CPU.Build.0 = Debug|Any CPU
		{DB59EEC0-C15F-4FF8-AF47-7E70F4449626}.Debug|Mixed Platforms.ActiveCfg = Debug|Any CPU
		{DB59EEC0-C15F-4FF8-AF47-7E70F4449626}.Debug|Mixed Platforms.Build.0 = Debug|Any CPU
		{DB59EEC0-C15F-4FF8-AF47-7E70F4449626}.Debug|x86.ActiveCfg = Debug|Any CPU
		{DB59EEC0-C15F-4FF8-AF47-7E70F4449626}.Release|Any CPU.ActiveCfg = Release|Any CPU
		{DB59EEC0-C15F-4FF8-AF47-7E70F4449626}.Release|Any CPU.Build.0 = Release|Any CPU
		{DB59EEC0-C15F-4FF8-AF47-7E70F4449626}.Release|Mixed Platforms.ActiveCfg = Release|Any CPU
		{DB59EEC0-C15F-4FF8-AF47-7E70F4449626}.Release|Mixed Platforms.Build.0 = Release|Any CPU
		{DB59EEC0-C15F-4FF8-AF47-7E70F4449626}.Release|x86.ActiveCfg = Release|Any CPU
		{F6CDA175-082B-4447-9D76-C8FE9BBCB64E}.Debug|Any CPU.ActiveCfg = Debug|Any CPU
		{F6CDA175-082B-4447-9D76-C8FE9BBCB64E}.Debug|Any CPU.Build.0 = Debug|Any CPU
		{F6CDA175-082B-4447-9D76-C8FE9BBCB64E}.Debug|Mixed Platforms.ActiveCfg = Debug|Any CPU
		{F6CDA175-082B-4447-9D76-C8FE9BBCB64E}.Debug|Mixed Platforms.Build.0 = Debug|Any CPU
		{F6CDA175-082B-4447-9D76-C8FE9BBCB64E}.Debug|x86.ActiveCfg = Debug|Any CPU
		{F6CDA175-082B-4447-9D76-C8FE9BBCB64E}.Release|Any CPU.ActiveCfg = Release|Any CPU
		{F6CDA175-082B-4447-9D76-C8FE9BBCB64E}.Release|Any CPU.Build.0 = Release|Any CPU
		{F6CDA175-082B-4447-9D76-C8FE9BBCB64E}.Release|Mixed Platforms.ActiveCfg = Release|Any CPU
		{F6CDA175-082B-4447-9D76-C8FE9BBCB64E}.Release|Mixed Platforms.Build.0 = Release|Any CPU
		{F6CDA175-082B-4447-9D76-C8FE9BBCB64E}.Release|x86.ActiveCfg = Release|Any CPU
		{7ECECB1D-0CC4-43DD-B252-E67DDC5252D5}.Debug|Any CPU.ActiveCfg = Debug|Any CPU
		{7ECECB1D-0CC4-43DD-B252-E67DDC5252D5}.Debug|Any CPU.Build.0 = Debug|Any CPU
		{7ECECB1D-0CC4-43DD-B252-E67DDC5252D5}.Debug|Mixed Platforms.ActiveCfg = Debug|Any CPU
		{7ECECB1D-0CC4-43DD-B252-E67DDC5252D5}.Debug|Mixed Platforms.Build.0 = Debug|Any CPU
		{7ECECB1D-0CC4-43DD-B252-E67DDC5252D5}.Debug|x86.ActiveCfg = Debug|Any CPU
		{7ECECB1D-0CC4-43DD-B252-E67DDC5252D5}.Release|Any CPU.ActiveCfg = Release|Any CPU
		{7ECECB1D-0CC4-43DD-B252-E67DDC5252D5}.Release|Any CPU.Build.0 = Release|Any CPU
		{7ECECB1D-0CC4-43DD-B252-E67DDC5252D5}.Release|Mixed Platforms.ActiveCfg = Release|Any CPU
		{7ECECB1D-0CC4-43DD-B252-E67DDC5252D5}.Release|Mixed Platforms.Build.0 = Release|Any CPU
		{7ECECB1D-0CC4-43DD-B252-E67DDC5252D5}.Release|x86.ActiveCfg = Release|Any CPU
		{ECAC405E-3A94-4F49-A937-A36317F747BF}.Debug|Any CPU.ActiveCfg = Debug|Any CPU
		{ECAC405E-3A94-4F49-A937-A36317F747BF}.Debug|Any CPU.Build.0 = Debug|Any CPU
		{ECAC405E-3A94-4F49-A937-A36317F747BF}.Debug|Mixed Platforms.ActiveCfg = Debug|Any CPU
		{ECAC405E-3A94-4F49-A937-A36317F747BF}.Debug|Mixed Platforms.Build.0 = Debug|Any CPU
		{ECAC405E-3A94-4F49-A937-A36317F747BF}.Debug|x86.ActiveCfg = Debug|Any CPU
		{ECAC405E-3A94-4F49-A937-A36317F747BF}.Release|Any CPU.ActiveCfg = Release|Any CPU
		{ECAC405E-3A94-4F49-A937-A36317F747BF}.Release|Any CPU.Build.0 = Release|Any CPU
		{ECAC405E-3A94-4F49-A937-A36317F747BF}.Release|Mixed Platforms.ActiveCfg = Release|Any CPU
		{ECAC405E-3A94-4F49-A937-A36317F747BF}.Release|Mixed Platforms.Build.0 = Release|Any CPU
		{ECAC405E-3A94-4F49-A937-A36317F747BF}.Release|x86.ActiveCfg = Release|Any CPU
		{073C53F9-D970-4DCF-A1D8-EEE0D2EBD660}.Debug|Any CPU.ActiveCfg = Debug|Any CPU
		{073C53F9-D970-4DCF-A1D8-EEE0D2EBD660}.Debug|Any CPU.Build.0 = Debug|Any CPU
		{073C53F9-D970-4DCF-A1D8-EEE0D2EBD660}.Debug|Mixed Platforms.ActiveCfg = Debug|Any CPU
		{073C53F9-D970-4DCF-A1D8-EEE0D2EBD660}.Debug|Mixed Platforms.Build.0 = Debug|Any CPU
		{073C53F9-D970-4DCF-A1D8-EEE0D2EBD660}.Debug|x86.ActiveCfg = Debug|Any CPU
		{073C53F9-D970-4DCF-A1D8-EEE0D2EBD660}.Release|Any CPU.ActiveCfg = Release|Any CPU
		{073C53F9-D970-4DCF-A1D8-EEE0D2EBD660}.Release|Any CPU.Build.0 = Release|Any CPU
		{073C53F9-D970-4DCF-A1D8-EEE0D2EBD660}.Release|Mixed Platforms.ActiveCfg = Release|Any CPU
		{073C53F9-D970-4DCF-A1D8-EEE0D2EBD660}.Release|Mixed Platforms.Build.0 = Release|Any CPU
		{073C53F9-D970-4DCF-A1D8-EEE0D2EBD660}.Release|x86.ActiveCfg = Release|Any CPU
		{F9766C53-67B0-43A5-B52A-4EA042BFDCD1}.Debug|Any CPU.ActiveCfg = Debug|Any CPU
		{F9766C53-67B0-43A5-B52A-4EA042BFDCD1}.Debug|Any CPU.Build.0 = Debug|Any CPU
		{F9766C53-67B0-43A5-B52A-4EA042BFDCD1}.Debug|Mixed Platforms.ActiveCfg = Debug|Any CPU
		{F9766C53-67B0-43A5-B52A-4EA042BFDCD1}.Debug|Mixed Platforms.Build.0 = Debug|Any CPU
		{F9766C53-67B0-43A5-B52A-4EA042BFDCD1}.Debug|x86.ActiveCfg = Debug|Any CPU
		{F9766C53-67B0-43A5-B52A-4EA042BFDCD1}.Release|Any CPU.ActiveCfg = Release|Any CPU
		{F9766C53-67B0-43A5-B52A-4EA042BFDCD1}.Release|Any CPU.Build.0 = Release|Any CPU
		{F9766C53-67B0-43A5-B52A-4EA042BFDCD1}.Release|Mixed Platforms.ActiveCfg = Release|Any CPU
		{F9766C53-67B0-43A5-B52A-4EA042BFDCD1}.Release|Mixed Platforms.Build.0 = Release|Any CPU
		{F9766C53-67B0-43A5-B52A-4EA042BFDCD1}.Release|x86.ActiveCfg = Release|Any CPU
		{24DE4D65-296B-44E5-9A0C-E6F98798E6A0}.Debug|Any CPU.ActiveCfg = Debug|Any CPU
		{24DE4D65-296B-44E5-9A0C-E6F98798E6A0}.Debug|Any CPU.Build.0 = Debug|Any CPU
		{24DE4D65-296B-44E5-9A0C-E6F98798E6A0}.Debug|Mixed Platforms.ActiveCfg = Debug|Any CPU
		{24DE4D65-296B-44E5-9A0C-E6F98798E6A0}.Debug|Mixed Platforms.Build.0 = Debug|Any CPU
		{24DE4D65-296B-44E5-9A0C-E6F98798E6A0}.Debug|x86.ActiveCfg = Debug|Any CPU
		{24DE4D65-296B-44E5-9A0C-E6F98798E6A0}.Release|Any CPU.ActiveCfg = Release|Any CPU
		{24DE4D65-296B-44E5-9A0C-E6F98798E6A0}.Release|Any CPU.Build.0 = Release|Any CPU
		{24DE4D65-296B-44E5-9A0C-E6F98798E6A0}.Release|Mixed Platforms.ActiveCfg = Release|Any CPU
		{24DE4D65-296B-44E5-9A0C-E6F98798E6A0}.Release|Mixed Platforms.Build.0 = Release|Any CPU
		{24DE4D65-296B-44E5-9A0C-E6F98798E6A0}.Release|x86.ActiveCfg = Release|Any CPU
		{43378EB6-16D4-4B8F-A348-B49377E960F9}.Debug|Any CPU.ActiveCfg = Debug|Any CPU
		{43378EB6-16D4-4B8F-A348-B49377E960F9}.Debug|Any CPU.Build.0 = Debug|Any CPU
		{43378EB6-16D4-4B8F-A348-B49377E960F9}.Debug|Mixed Platforms.ActiveCfg = Debug|Any CPU
		{43378EB6-16D4-4B8F-A348-B49377E960F9}.Debug|Mixed Platforms.Build.0 = Debug|Any CPU
		{43378EB6-16D4-4B8F-A348-B49377E960F9}.Debug|x86.ActiveCfg = Debug|Any CPU
		{43378EB6-16D4-4B8F-A348-B49377E960F9}.Release|Any CPU.ActiveCfg = Release|Any CPU
		{43378EB6-16D4-4B8F-A348-B49377E960F9}.Release|Any CPU.Build.0 = Release|Any CPU
		{43378EB6-16D4-4B8F-A348-B49377E960F9}.Release|Mixed Platforms.ActiveCfg = Release|Any CPU
		{43378EB6-16D4-4B8F-A348-B49377E960F9}.Release|Mixed Platforms.Build.0 = Release|Any CPU
		{43378EB6-16D4-4B8F-A348-B49377E960F9}.Release|x86.ActiveCfg = Release|Any CPU
		{D72E8C82-21C4-46E4-A18D-3599C15B467B}.Debug|Any CPU.ActiveCfg = Debug|Any CPU
		{D72E8C82-21C4-46E4-A18D-3599C15B467B}.Debug|Any CPU.Build.0 = Debug|Any CPU
		{D72E8C82-21C4-46E4-A18D-3599C15B467B}.Debug|Mixed Platforms.ActiveCfg = Debug|Any CPU
		{D72E8C82-21C4-46E4-A18D-3599C15B467B}.Debug|Mixed Platforms.Build.0 = Debug|Any CPU
		{D72E8C82-21C4-46E4-A18D-3599C15B467B}.Debug|x86.ActiveCfg = Debug|Any CPU
		{D72E8C82-21C4-46E4-A18D-3599C15B467B}.Release|Any CPU.ActiveCfg = Release|Any CPU
		{D72E8C82-21C4-46E4-A18D-3599C15B467B}.Release|Any CPU.Build.0 = Release|Any CPU
		{D72E8C82-21C4-46E4-A18D-3599C15B467B}.Release|Mixed Platforms.ActiveCfg = Release|Any CPU
		{D72E8C82-21C4-46E4-A18D-3599C15B467B}.Release|Mixed Platforms.Build.0 = Release|Any CPU
		{D72E8C82-21C4-46E4-A18D-3599C15B467B}.Release|x86.ActiveCfg = Release|Any CPU
		{35C8C3EE-9C2C-4806-8BF7-EF5D7A8A2723}.Debug|Any CPU.ActiveCfg = Debug|Any CPU
		{35C8C3EE-9C2C-4806-8BF7-EF5D7A8A2723}.Debug|Any CPU.Build.0 = Debug|Any CPU
		{35C8C3EE-9C2C-4806-8BF7-EF5D7A8A2723}.Debug|Mixed Platforms.ActiveCfg = Debug|Any CPU
		{35C8C3EE-9C2C-4806-8BF7-EF5D7A8A2723}.Debug|Mixed Platforms.Build.0 = Debug|Any CPU
		{35C8C3EE-9C2C-4806-8BF7-EF5D7A8A2723}.Debug|x86.ActiveCfg = Debug|Any CPU
		{35C8C3EE-9C2C-4806-8BF7-EF5D7A8A2723}.Release|Any CPU.ActiveCfg = Release|Any CPU
		{35C8C3EE-9C2C-4806-8BF7-EF5D7A8A2723}.Release|Any CPU.Build.0 = Release|Any CPU
		{35C8C3EE-9C2C-4806-8BF7-EF5D7A8A2723}.Release|Mixed Platforms.ActiveCfg = Release|Any CPU
		{35C8C3EE-9C2C-4806-8BF7-EF5D7A8A2723}.Release|Mixed Platforms.Build.0 = Release|Any CPU
		{35C8C3EE-9C2C-4806-8BF7-EF5D7A8A2723}.Release|x86.ActiveCfg = Release|Any CPU
		{1A825968-BD5F-4998-B423-2C4C6C24F140}.Debug|Any CPU.ActiveCfg = Debug|Any CPU
		{1A825968-BD5F-4998-B423-2C4C6C24F140}.Debug|Any CPU.Build.0 = Debug|Any CPU
		{1A825968-BD5F-4998-B423-2C4C6C24F140}.Debug|Mixed Platforms.ActiveCfg = Debug|Any CPU
		{1A825968-BD5F-4998-B423-2C4C6C24F140}.Debug|Mixed Platforms.Build.0 = Debug|Any CPU
		{1A825968-BD5F-4998-B423-2C4C6C24F140}.Debug|x86.ActiveCfg = Debug|Any CPU
		{1A825968-BD5F-4998-B423-2C4C6C24F140}.Release|Any CPU.ActiveCfg = Release|Any CPU
		{1A825968-BD5F-4998-B423-2C4C6C24F140}.Release|Any CPU.Build.0 = Release|Any CPU
		{1A825968-BD5F-4998-B423-2C4C6C24F140}.Release|Mixed Platforms.ActiveCfg = Release|Any CPU
		{1A825968-BD5F-4998-B423-2C4C6C24F140}.Release|Mixed Platforms.Build.0 = Release|Any CPU
		{1A825968-BD5F-4998-B423-2C4C6C24F140}.Release|x86.ActiveCfg = Release|Any CPU
		{EB972A15-5B04-4469-A6B3-C4C66804212C}.Debug|Any CPU.ActiveCfg = Debug|Any CPU
		{EB972A15-5B04-4469-A6B3-C4C66804212C}.Debug|Any CPU.Build.0 = Debug|Any CPU
		{EB972A15-5B04-4469-A6B3-C4C66804212C}.Debug|Mixed Platforms.ActiveCfg = Debug|Any CPU
		{EB972A15-5B04-4469-A6B3-C4C66804212C}.Debug|Mixed Platforms.Build.0 = Debug|Any CPU
		{EB972A15-5B04-4469-A6B3-C4C66804212C}.Debug|x86.ActiveCfg = Debug|Any CPU
		{EB972A15-5B04-4469-A6B3-C4C66804212C}.Release|Any CPU.ActiveCfg = Release|Any CPU
		{EB972A15-5B04-4469-A6B3-C4C66804212C}.Release|Any CPU.Build.0 = Release|Any CPU
		{EB972A15-5B04-4469-A6B3-C4C66804212C}.Release|Mixed Platforms.ActiveCfg = Release|Any CPU
		{EB972A15-5B04-4469-A6B3-C4C66804212C}.Release|Mixed Platforms.Build.0 = Release|Any CPU
		{EB972A15-5B04-4469-A6B3-C4C66804212C}.Release|x86.ActiveCfg = Release|Any CPU
		{C56CAA9A-41AA-4ECB-9372-374F3D300610}.Debug|Any CPU.ActiveCfg = Debug|Any CPU
		{C56CAA9A-41AA-4ECB-9372-374F3D300610}.Debug|Any CPU.Build.0 = Debug|Any CPU
		{C56CAA9A-41AA-4ECB-9372-374F3D300610}.Debug|Mixed Platforms.ActiveCfg = Debug|Any CPU
		{C56CAA9A-41AA-4ECB-9372-374F3D300610}.Debug|Mixed Platforms.Build.0 = Debug|Any CPU
		{C56CAA9A-41AA-4ECB-9372-374F3D300610}.Debug|x86.ActiveCfg = Debug|Any CPU
		{C56CAA9A-41AA-4ECB-9372-374F3D300610}.Release|Any CPU.ActiveCfg = Release|Any CPU
		{C56CAA9A-41AA-4ECB-9372-374F3D300610}.Release|Any CPU.Build.0 = Release|Any CPU
		{C56CAA9A-41AA-4ECB-9372-374F3D300610}.Release|Mixed Platforms.ActiveCfg = Release|Any CPU
		{C56CAA9A-41AA-4ECB-9372-374F3D300610}.Release|Mixed Platforms.Build.0 = Release|Any CPU
		{C56CAA9A-41AA-4ECB-9372-374F3D300610}.Release|x86.ActiveCfg = Release|Any CPU
		{AE7B2117-B0CA-44B5-981B-46118EBC10B4}.Debug|Any CPU.ActiveCfg = Debug|Any CPU
		{AE7B2117-B0CA-44B5-981B-46118EBC10B4}.Debug|Any CPU.Build.0 = Debug|Any CPU
		{AE7B2117-B0CA-44B5-981B-46118EBC10B4}.Debug|Mixed Platforms.ActiveCfg = Debug|Any CPU
		{AE7B2117-B0CA-44B5-981B-46118EBC10B4}.Debug|Mixed Platforms.Build.0 = Debug|Any CPU
		{AE7B2117-B0CA-44B5-981B-46118EBC10B4}.Debug|x86.ActiveCfg = Debug|Any CPU
		{AE7B2117-B0CA-44B5-981B-46118EBC10B4}.Release|Any CPU.ActiveCfg = Release|Any CPU
		{AE7B2117-B0CA-44B5-981B-46118EBC10B4}.Release|Any CPU.Build.0 = Release|Any CPU
		{AE7B2117-B0CA-44B5-981B-46118EBC10B4}.Release|Mixed Platforms.ActiveCfg = Release|Any CPU
		{AE7B2117-B0CA-44B5-981B-46118EBC10B4}.Release|Mixed Platforms.Build.0 = Release|Any CPU
		{AE7B2117-B0CA-44B5-981B-46118EBC10B4}.Release|x86.ActiveCfg = Release|Any CPU
		{531651A2-B216-4939-851F-1A64119EA2D6}.Debug|Any CPU.ActiveCfg = Debug|Any CPU
		{531651A2-B216-4939-851F-1A64119EA2D6}.Debug|Any CPU.Build.0 = Debug|Any CPU
		{531651A2-B216-4939-851F-1A64119EA2D6}.Debug|Mixed Platforms.ActiveCfg = Debug|Any CPU
		{531651A2-B216-4939-851F-1A64119EA2D6}.Debug|Mixed Platforms.Build.0 = Debug|Any CPU
		{531651A2-B216-4939-851F-1A64119EA2D6}.Debug|x86.ActiveCfg = Debug|Any CPU
		{531651A2-B216-4939-851F-1A64119EA2D6}.Release|Any CPU.ActiveCfg = Release|Any CPU
		{531651A2-B216-4939-851F-1A64119EA2D6}.Release|Any CPU.Build.0 = Release|Any CPU
		{531651A2-B216-4939-851F-1A64119EA2D6}.Release|Mixed Platforms.ActiveCfg = Release|Any CPU
		{531651A2-B216-4939-851F-1A64119EA2D6}.Release|Mixed Platforms.Build.0 = Release|Any CPU
		{531651A2-B216-4939-851F-1A64119EA2D6}.Release|x86.ActiveCfg = Release|Any CPU
		{5B5A8DC7-8CB5-4BC8-935C-0336EF332507}.Debug|Any CPU.ActiveCfg = Debug|Any CPU
		{5B5A8DC7-8CB5-4BC8-935C-0336EF332507}.Debug|Any CPU.Build.0 = Debug|Any CPU
		{5B5A8DC7-8CB5-4BC8-935C-0336EF332507}.Debug|Mixed Platforms.ActiveCfg = Debug|Any CPU
		{5B5A8DC7-8CB5-4BC8-935C-0336EF332507}.Debug|Mixed Platforms.Build.0 = Debug|Any CPU
		{5B5A8DC7-8CB5-4BC8-935C-0336EF332507}.Debug|x86.ActiveCfg = Debug|Any CPU
		{5B5A8DC7-8CB5-4BC8-935C-0336EF332507}.Release|Any CPU.ActiveCfg = Release|Any CPU
		{5B5A8DC7-8CB5-4BC8-935C-0336EF332507}.Release|Any CPU.Build.0 = Release|Any CPU
		{5B5A8DC7-8CB5-4BC8-935C-0336EF332507}.Release|Mixed Platforms.ActiveCfg = Release|Any CPU
		{5B5A8DC7-8CB5-4BC8-935C-0336EF332507}.Release|Mixed Platforms.Build.0 = Release|Any CPU
		{5B5A8DC7-8CB5-4BC8-935C-0336EF332507}.Release|x86.ActiveCfg = Release|Any CPU
		{509E0419-517D-4D82-8B9D-F775ACEE1708}.Debug|Any CPU.ActiveCfg = Debug|Any CPU
		{509E0419-517D-4D82-8B9D-F775ACEE1708}.Debug|Any CPU.Build.0 = Debug|Any CPU
		{509E0419-517D-4D82-8B9D-F775ACEE1708}.Debug|Mixed Platforms.ActiveCfg = Debug|Any CPU
		{509E0419-517D-4D82-8B9D-F775ACEE1708}.Debug|Mixed Platforms.Build.0 = Debug|Any CPU
		{509E0419-517D-4D82-8B9D-F775ACEE1708}.Debug|x86.ActiveCfg = Debug|Any CPU
		{509E0419-517D-4D82-8B9D-F775ACEE1708}.Release|Any CPU.ActiveCfg = Release|Any CPU
		{509E0419-517D-4D82-8B9D-F775ACEE1708}.Release|Any CPU.Build.0 = Release|Any CPU
		{509E0419-517D-4D82-8B9D-F775ACEE1708}.Release|Mixed Platforms.ActiveCfg = Release|Any CPU
		{509E0419-517D-4D82-8B9D-F775ACEE1708}.Release|Mixed Platforms.Build.0 = Release|Any CPU
		{509E0419-517D-4D82-8B9D-F775ACEE1708}.Release|x86.ActiveCfg = Release|Any CPU
		{FB0CD0BE-106A-4725-8C1F-E8A7D8D0475B}.Debug|Any CPU.ActiveCfg = Debug|Any CPU
		{FB0CD0BE-106A-4725-8C1F-E8A7D8D0475B}.Debug|Any CPU.Build.0 = Debug|Any CPU
		{FB0CD0BE-106A-4725-8C1F-E8A7D8D0475B}.Debug|Mixed Platforms.ActiveCfg = Debug|Any CPU
		{FB0CD0BE-106A-4725-8C1F-E8A7D8D0475B}.Debug|Mixed Platforms.Build.0 = Debug|Any CPU
		{FB0CD0BE-106A-4725-8C1F-E8A7D8D0475B}.Debug|x86.ActiveCfg = Debug|Any CPU
		{FB0CD0BE-106A-4725-8C1F-E8A7D8D0475B}.Release|Any CPU.ActiveCfg = Release|Any CPU
		{FB0CD0BE-106A-4725-8C1F-E8A7D8D0475B}.Release|Any CPU.Build.0 = Release|Any CPU
		{FB0CD0BE-106A-4725-8C1F-E8A7D8D0475B}.Release|Mixed Platforms.ActiveCfg = Release|Any CPU
		{FB0CD0BE-106A-4725-8C1F-E8A7D8D0475B}.Release|Mixed Platforms.Build.0 = Release|Any CPU
		{FB0CD0BE-106A-4725-8C1F-E8A7D8D0475B}.Release|x86.ActiveCfg = Release|Any CPU
		{0100A378-6871-4753-A285-8A916244CC84}.Debug|Any CPU.ActiveCfg = Debug|Any CPU
		{0100A378-6871-4753-A285-8A916244CC84}.Debug|Any CPU.Build.0 = Debug|Any CPU
		{0100A378-6871-4753-A285-8A916244CC84}.Debug|Mixed Platforms.ActiveCfg = Debug|Any CPU
		{0100A378-6871-4753-A285-8A916244CC84}.Debug|Mixed Platforms.Build.0 = Debug|Any CPU
		{0100A378-6871-4753-A285-8A916244CC84}.Debug|x86.ActiveCfg = Debug|Any CPU
		{0100A378-6871-4753-A285-8A916244CC84}.Release|Any CPU.ActiveCfg = Release|Any CPU
		{0100A378-6871-4753-A285-8A916244CC84}.Release|Any CPU.Build.0 = Release|Any CPU
		{0100A378-6871-4753-A285-8A916244CC84}.Release|Mixed Platforms.ActiveCfg = Release|Any CPU
		{0100A378-6871-4753-A285-8A916244CC84}.Release|Mixed Platforms.Build.0 = Release|Any CPU
		{0100A378-6871-4753-A285-8A916244CC84}.Release|x86.ActiveCfg = Release|Any CPU
		{03F3B5FB-4B62-44E1-B8EC-9E887452BC1E}.Debug|Any CPU.ActiveCfg = Debug|Any CPU
		{03F3B5FB-4B62-44E1-B8EC-9E887452BC1E}.Debug|Any CPU.Build.0 = Debug|Any CPU
		{03F3B5FB-4B62-44E1-B8EC-9E887452BC1E}.Debug|Mixed Platforms.ActiveCfg = Debug|Any CPU
		{03F3B5FB-4B62-44E1-B8EC-9E887452BC1E}.Debug|Mixed Platforms.Build.0 = Debug|Any CPU
		{03F3B5FB-4B62-44E1-B8EC-9E887452BC1E}.Debug|x86.ActiveCfg = Debug|Any CPU
		{03F3B5FB-4B62-44E1-B8EC-9E887452BC1E}.Release|Any CPU.ActiveCfg = Release|Any CPU
		{03F3B5FB-4B62-44E1-B8EC-9E887452BC1E}.Release|Any CPU.Build.0 = Release|Any CPU
		{03F3B5FB-4B62-44E1-B8EC-9E887452BC1E}.Release|Mixed Platforms.ActiveCfg = Release|Any CPU
		{03F3B5FB-4B62-44E1-B8EC-9E887452BC1E}.Release|Mixed Platforms.Build.0 = Release|Any CPU
		{03F3B5FB-4B62-44E1-B8EC-9E887452BC1E}.Release|x86.ActiveCfg = Release|Any CPU
		{A08E8C3F-7C9D-44FE-94CD-BF9495C33AFA}.Debug|Any CPU.ActiveCfg = Debug|Any CPU
		{A08E8C3F-7C9D-44FE-94CD-BF9495C33AFA}.Debug|Any CPU.Build.0 = Debug|Any CPU
		{A08E8C3F-7C9D-44FE-94CD-BF9495C33AFA}.Debug|Mixed Platforms.ActiveCfg = Debug|Any CPU
		{A08E8C3F-7C9D-44FE-94CD-BF9495C33AFA}.Debug|Mixed Platforms.Build.0 = Debug|Any CPU
		{A08E8C3F-7C9D-44FE-94CD-BF9495C33AFA}.Debug|x86.ActiveCfg = Debug|Any CPU
		{A08E8C3F-7C9D-44FE-94CD-BF9495C33AFA}.Release|Any CPU.ActiveCfg = Release|Any CPU
		{A08E8C3F-7C9D-44FE-94CD-BF9495C33AFA}.Release|Any CPU.Build.0 = Release|Any CPU
		{A08E8C3F-7C9D-44FE-94CD-BF9495C33AFA}.Release|Mixed Platforms.ActiveCfg = Release|Any CPU
		{A08E8C3F-7C9D-44FE-94CD-BF9495C33AFA}.Release|Mixed Platforms.Build.0 = Release|Any CPU
		{A08E8C3F-7C9D-44FE-94CD-BF9495C33AFA}.Release|x86.ActiveCfg = Release|Any CPU
		{1B7A39F7-775C-4071-96A9-5EDFE6BD754D}.Debug|Any CPU.ActiveCfg = Debug|Any CPU
		{1B7A39F7-775C-4071-96A9-5EDFE6BD754D}.Debug|Any CPU.Build.0 = Debug|Any CPU
		{1B7A39F7-775C-4071-96A9-5EDFE6BD754D}.Debug|Mixed Platforms.ActiveCfg = Debug|Any CPU
		{1B7A39F7-775C-4071-96A9-5EDFE6BD754D}.Debug|Mixed Platforms.Build.0 = Debug|Any CPU
		{1B7A39F7-775C-4071-96A9-5EDFE6BD754D}.Debug|x86.ActiveCfg = Debug|Any CPU
		{1B7A39F7-775C-4071-96A9-5EDFE6BD754D}.Release|Any CPU.ActiveCfg = Release|Any CPU
		{1B7A39F7-775C-4071-96A9-5EDFE6BD754D}.Release|Any CPU.Build.0 = Release|Any CPU
		{1B7A39F7-775C-4071-96A9-5EDFE6BD754D}.Release|Mixed Platforms.ActiveCfg = Release|Any CPU
		{1B7A39F7-775C-4071-96A9-5EDFE6BD754D}.Release|Mixed Platforms.Build.0 = Release|Any CPU
		{1B7A39F7-775C-4071-96A9-5EDFE6BD754D}.Release|x86.ActiveCfg = Release|Any CPU
		{AB880B04-7142-4CD7-B792-9B70090A1405}.Debug|Any CPU.ActiveCfg = Debug|Any CPU
		{AB880B04-7142-4CD7-B792-9B70090A1405}.Debug|Any CPU.Build.0 = Debug|Any CPU
		{AB880B04-7142-4CD7-B792-9B70090A1405}.Debug|Mixed Platforms.ActiveCfg = Debug|Any CPU
		{AB880B04-7142-4CD7-B792-9B70090A1405}.Debug|Mixed Platforms.Build.0 = Debug|Any CPU
		{AB880B04-7142-4CD7-B792-9B70090A1405}.Debug|x86.ActiveCfg = Debug|Any CPU
		{AB880B04-7142-4CD7-B792-9B70090A1405}.Release|Any CPU.ActiveCfg = Release|Any CPU
		{AB880B04-7142-4CD7-B792-9B70090A1405}.Release|Any CPU.Build.0 = Release|Any CPU
		{AB880B04-7142-4CD7-B792-9B70090A1405}.Release|Mixed Platforms.ActiveCfg = Release|Any CPU
		{AB880B04-7142-4CD7-B792-9B70090A1405}.Release|Mixed Platforms.Build.0 = Release|Any CPU
		{AB880B04-7142-4CD7-B792-9B70090A1405}.Release|x86.ActiveCfg = Release|Any CPU
		{D88DF60F-0C54-47BE-887D-F20D07558EEA}.Debug|Any CPU.ActiveCfg = Debug|Any CPU
		{D88DF60F-0C54-47BE-887D-F20D07558EEA}.Debug|Any CPU.Build.0 = Debug|Any CPU
		{D88DF60F-0C54-47BE-887D-F20D07558EEA}.Debug|Mixed Platforms.ActiveCfg = Debug|Any CPU
		{D88DF60F-0C54-47BE-887D-F20D07558EEA}.Debug|Mixed Platforms.Build.0 = Debug|Any CPU
		{D88DF60F-0C54-47BE-887D-F20D07558EEA}.Debug|x86.ActiveCfg = Debug|Any CPU
		{D88DF60F-0C54-47BE-887D-F20D07558EEA}.Release|Any CPU.ActiveCfg = Release|Any CPU
		{D88DF60F-0C54-47BE-887D-F20D07558EEA}.Release|Any CPU.Build.0 = Release|Any CPU
		{D88DF60F-0C54-47BE-887D-F20D07558EEA}.Release|Mixed Platforms.ActiveCfg = Release|Any CPU
		{D88DF60F-0C54-47BE-887D-F20D07558EEA}.Release|Mixed Platforms.Build.0 = Release|Any CPU
		{D88DF60F-0C54-47BE-887D-F20D07558EEA}.Release|x86.ActiveCfg = Release|Any CPU
		{10F78960-F2B5-4EAE-9A2E-016915474C6B}.Debug|Any CPU.ActiveCfg = Debug|Any CPU
		{10F78960-F2B5-4EAE-9A2E-016915474C6B}.Debug|Any CPU.Build.0 = Debug|Any CPU
		{10F78960-F2B5-4EAE-9A2E-016915474C6B}.Debug|Mixed Platforms.ActiveCfg = Debug|Any CPU
		{10F78960-F2B5-4EAE-9A2E-016915474C6B}.Debug|Mixed Platforms.Build.0 = Debug|Any CPU
		{10F78960-F2B5-4EAE-9A2E-016915474C6B}.Debug|x86.ActiveCfg = Debug|Any CPU
		{10F78960-F2B5-4EAE-9A2E-016915474C6B}.Release|Any CPU.ActiveCfg = Release|Any CPU
		{10F78960-F2B5-4EAE-9A2E-016915474C6B}.Release|Any CPU.Build.0 = Release|Any CPU
		{10F78960-F2B5-4EAE-9A2E-016915474C6B}.Release|Mixed Platforms.ActiveCfg = Release|Any CPU
		{10F78960-F2B5-4EAE-9A2E-016915474C6B}.Release|Mixed Platforms.Build.0 = Release|Any CPU
		{10F78960-F2B5-4EAE-9A2E-016915474C6B}.Release|x86.ActiveCfg = Release|Any CPU
		{E9892D98-FD4C-45DF-85FC-85774CF60FE1}.Debug|Any CPU.ActiveCfg = Debug|Any CPU
		{E9892D98-FD4C-45DF-85FC-85774CF60FE1}.Debug|Any CPU.Build.0 = Debug|Any CPU
		{E9892D98-FD4C-45DF-85FC-85774CF60FE1}.Debug|Mixed Platforms.ActiveCfg = Debug|Any CPU
		{E9892D98-FD4C-45DF-85FC-85774CF60FE1}.Debug|Mixed Platforms.Build.0 = Debug|Any CPU
		{E9892D98-FD4C-45DF-85FC-85774CF60FE1}.Debug|x86.ActiveCfg = Debug|Any CPU
		{E9892D98-FD4C-45DF-85FC-85774CF60FE1}.Release|Any CPU.ActiveCfg = Release|Any CPU
		{E9892D98-FD4C-45DF-85FC-85774CF60FE1}.Release|Any CPU.Build.0 = Release|Any CPU
		{E9892D98-FD4C-45DF-85FC-85774CF60FE1}.Release|Mixed Platforms.ActiveCfg = Release|Any CPU
		{E9892D98-FD4C-45DF-85FC-85774CF60FE1}.Release|Mixed Platforms.Build.0 = Release|Any CPU
		{E9892D98-FD4C-45DF-85FC-85774CF60FE1}.Release|x86.ActiveCfg = Release|Any CPU
		{476A1669-1C1E-4F49-B7E8-90FE74E374D2}.Debug|Any CPU.ActiveCfg = Debug|Any CPU
		{476A1669-1C1E-4F49-B7E8-90FE74E374D2}.Debug|Any CPU.Build.0 = Debug|Any CPU
		{476A1669-1C1E-4F49-B7E8-90FE74E374D2}.Debug|Mixed Platforms.ActiveCfg = Debug|Any CPU
		{476A1669-1C1E-4F49-B7E8-90FE74E374D2}.Debug|Mixed Platforms.Build.0 = Debug|Any CPU
		{476A1669-1C1E-4F49-B7E8-90FE74E374D2}.Debug|x86.ActiveCfg = Debug|Any CPU
		{476A1669-1C1E-4F49-B7E8-90FE74E374D2}.Release|Any CPU.ActiveCfg = Release|Any CPU
		{476A1669-1C1E-4F49-B7E8-90FE74E374D2}.Release|Any CPU.Build.0 = Release|Any CPU
		{476A1669-1C1E-4F49-B7E8-90FE74E374D2}.Release|Mixed Platforms.ActiveCfg = Release|Any CPU
		{476A1669-1C1E-4F49-B7E8-90FE74E374D2}.Release|Mixed Platforms.Build.0 = Release|Any CPU
		{476A1669-1C1E-4F49-B7E8-90FE74E374D2}.Release|x86.ActiveCfg = Release|Any CPU
		{41AF9C8E-554A-4421-99CA-EADD9A25FFB1}.Debug|Any CPU.ActiveCfg = Debug|Any CPU
		{41AF9C8E-554A-4421-99CA-EADD9A25FFB1}.Debug|Any CPU.Build.0 = Debug|Any CPU
		{41AF9C8E-554A-4421-99CA-EADD9A25FFB1}.Debug|Mixed Platforms.ActiveCfg = Debug|Any CPU
		{41AF9C8E-554A-4421-99CA-EADD9A25FFB1}.Debug|Mixed Platforms.Build.0 = Debug|Any CPU
		{41AF9C8E-554A-4421-99CA-EADD9A25FFB1}.Debug|x86.ActiveCfg = Debug|Any CPU
		{41AF9C8E-554A-4421-99CA-EADD9A25FFB1}.Release|Any CPU.ActiveCfg = Release|Any CPU
		{41AF9C8E-554A-4421-99CA-EADD9A25FFB1}.Release|Any CPU.Build.0 = Release|Any CPU
		{41AF9C8E-554A-4421-99CA-EADD9A25FFB1}.Release|Mixed Platforms.ActiveCfg = Release|Any CPU
		{41AF9C8E-554A-4421-99CA-EADD9A25FFB1}.Release|Mixed Platforms.Build.0 = Release|Any CPU
		{41AF9C8E-554A-4421-99CA-EADD9A25FFB1}.Release|x86.ActiveCfg = Release|Any CPU
		{1BD65EDF-605E-4F21-A63A-6CF1ECF32247}.Debug|Any CPU.ActiveCfg = Debug|Any CPU
		{1BD65EDF-605E-4F21-A63A-6CF1ECF32247}.Debug|Any CPU.Build.0 = Debug|Any CPU
		{1BD65EDF-605E-4F21-A63A-6CF1ECF32247}.Debug|Mixed Platforms.ActiveCfg = Debug|Any CPU
		{1BD65EDF-605E-4F21-A63A-6CF1ECF32247}.Debug|Mixed Platforms.Build.0 = Debug|Any CPU
		{1BD65EDF-605E-4F21-A63A-6CF1ECF32247}.Debug|x86.ActiveCfg = Debug|Any CPU
		{1BD65EDF-605E-4F21-A63A-6CF1ECF32247}.Release|Any CPU.ActiveCfg = Release|Any CPU
		{1BD65EDF-605E-4F21-A63A-6CF1ECF32247}.Release|Any CPU.Build.0 = Release|Any CPU
		{1BD65EDF-605E-4F21-A63A-6CF1ECF32247}.Release|Mixed Platforms.ActiveCfg = Release|Any CPU
		{1BD65EDF-605E-4F21-A63A-6CF1ECF32247}.Release|Mixed Platforms.Build.0 = Release|Any CPU
		{1BD65EDF-605E-4F21-A63A-6CF1ECF32247}.Release|x86.ActiveCfg = Release|Any CPU
		{20971115-D9A6-4A57-982C-43D4E89B3F5D}.Debug|Any CPU.ActiveCfg = Debug|Any CPU
		{20971115-D9A6-4A57-982C-43D4E89B3F5D}.Debug|Any CPU.Build.0 = Debug|Any CPU
		{20971115-D9A6-4A57-982C-43D4E89B3F5D}.Debug|Mixed Platforms.ActiveCfg = Debug|Any CPU
		{20971115-D9A6-4A57-982C-43D4E89B3F5D}.Debug|Mixed Platforms.Build.0 = Debug|Any CPU
		{20971115-D9A6-4A57-982C-43D4E89B3F5D}.Debug|x86.ActiveCfg = Debug|Any CPU
		{20971115-D9A6-4A57-982C-43D4E89B3F5D}.Release|Any CPU.ActiveCfg = Release|Any CPU
		{20971115-D9A6-4A57-982C-43D4E89B3F5D}.Release|Any CPU.Build.0 = Release|Any CPU
		{20971115-D9A6-4A57-982C-43D4E89B3F5D}.Release|Mixed Platforms.ActiveCfg = Release|Any CPU
		{20971115-D9A6-4A57-982C-43D4E89B3F5D}.Release|Mixed Platforms.Build.0 = Release|Any CPU
		{20971115-D9A6-4A57-982C-43D4E89B3F5D}.Release|x86.ActiveCfg = Release|Any CPU
		{176ABCE5-C6E3-40AD-94A1-ED6A149F1274}.Debug|Any CPU.ActiveCfg = Debug|Any CPU
		{176ABCE5-C6E3-40AD-94A1-ED6A149F1274}.Debug|Any CPU.Build.0 = Debug|Any CPU
		{176ABCE5-C6E3-40AD-94A1-ED6A149F1274}.Debug|Mixed Platforms.ActiveCfg = Debug|Any CPU
		{176ABCE5-C6E3-40AD-94A1-ED6A149F1274}.Debug|Mixed Platforms.Build.0 = Debug|Any CPU
		{176ABCE5-C6E3-40AD-94A1-ED6A149F1274}.Debug|x86.ActiveCfg = Debug|Any CPU
		{176ABCE5-C6E3-40AD-94A1-ED6A149F1274}.Release|Any CPU.ActiveCfg = Release|Any CPU
		{176ABCE5-C6E3-40AD-94A1-ED6A149F1274}.Release|Any CPU.Build.0 = Release|Any CPU
		{176ABCE5-C6E3-40AD-94A1-ED6A149F1274}.Release|Mixed Platforms.ActiveCfg = Release|Any CPU
		{176ABCE5-C6E3-40AD-94A1-ED6A149F1274}.Release|Mixed Platforms.Build.0 = Release|Any CPU
		{176ABCE5-C6E3-40AD-94A1-ED6A149F1274}.Release|x86.ActiveCfg = Release|Any CPU
		{3649D9EA-05E7-46AD-89E4-70E5EE649876}.Debug|Any CPU.ActiveCfg = Debug|Any CPU
		{3649D9EA-05E7-46AD-89E4-70E5EE649876}.Debug|Any CPU.Build.0 = Debug|Any CPU
		{3649D9EA-05E7-46AD-89E4-70E5EE649876}.Debug|Mixed Platforms.ActiveCfg = Debug|Any CPU
		{3649D9EA-05E7-46AD-89E4-70E5EE649876}.Debug|Mixed Platforms.Build.0 = Debug|Any CPU
		{3649D9EA-05E7-46AD-89E4-70E5EE649876}.Debug|x86.ActiveCfg = Debug|Any CPU
		{3649D9EA-05E7-46AD-89E4-70E5EE649876}.Release|Any CPU.ActiveCfg = Release|Any CPU
		{3649D9EA-05E7-46AD-89E4-70E5EE649876}.Release|Any CPU.Build.0 = Release|Any CPU
		{3649D9EA-05E7-46AD-89E4-70E5EE649876}.Release|Mixed Platforms.ActiveCfg = Release|Any CPU
		{3649D9EA-05E7-46AD-89E4-70E5EE649876}.Release|Mixed Platforms.Build.0 = Release|Any CPU
		{3649D9EA-05E7-46AD-89E4-70E5EE649876}.Release|x86.ActiveCfg = Release|Any CPU
		{744831EC-ED7A-4989-9191-267EB1F43E09}.Debug|Any CPU.ActiveCfg = Debug|Any CPU
		{744831EC-ED7A-4989-9191-267EB1F43E09}.Debug|Any CPU.Build.0 = Debug|Any CPU
		{744831EC-ED7A-4989-9191-267EB1F43E09}.Debug|Mixed Platforms.ActiveCfg = Debug|Any CPU
		{744831EC-ED7A-4989-9191-267EB1F43E09}.Debug|Mixed Platforms.Build.0 = Debug|Any CPU
		{744831EC-ED7A-4989-9191-267EB1F43E09}.Debug|x86.ActiveCfg = Debug|Any CPU
		{744831EC-ED7A-4989-9191-267EB1F43E09}.Release|Any CPU.ActiveCfg = Release|Any CPU
		{744831EC-ED7A-4989-9191-267EB1F43E09}.Release|Any CPU.Build.0 = Release|Any CPU
		{744831EC-ED7A-4989-9191-267EB1F43E09}.Release|Mixed Platforms.ActiveCfg = Release|Any CPU
		{744831EC-ED7A-4989-9191-267EB1F43E09}.Release|Mixed Platforms.Build.0 = Release|Any CPU
		{744831EC-ED7A-4989-9191-267EB1F43E09}.Release|x86.ActiveCfg = Release|Any CPU
		{D90889E5-3B48-498D-8EAD-247608F9D3D8}.Debug|Any CPU.ActiveCfg = Debug|Any CPU
		{D90889E5-3B48-498D-8EAD-247608F9D3D8}.Debug|Any CPU.Build.0 = Debug|Any CPU
		{D90889E5-3B48-498D-8EAD-247608F9D3D8}.Debug|Mixed Platforms.ActiveCfg = Debug|Any CPU
		{D90889E5-3B48-498D-8EAD-247608F9D3D8}.Debug|Mixed Platforms.Build.0 = Debug|Any CPU
		{D90889E5-3B48-498D-8EAD-247608F9D3D8}.Debug|x86.ActiveCfg = Debug|Any CPU
		{D90889E5-3B48-498D-8EAD-247608F9D3D8}.Release|Any CPU.ActiveCfg = Release|Any CPU
		{D90889E5-3B48-498D-8EAD-247608F9D3D8}.Release|Any CPU.Build.0 = Release|Any CPU
		{D90889E5-3B48-498D-8EAD-247608F9D3D8}.Release|Mixed Platforms.ActiveCfg = Release|Any CPU
		{D90889E5-3B48-498D-8EAD-247608F9D3D8}.Release|Mixed Platforms.Build.0 = Release|Any CPU
		{D90889E5-3B48-498D-8EAD-247608F9D3D8}.Release|x86.ActiveCfg = Release|Any CPU
		{06F7525C-8723-47D0-B0EC-913A86BBCCB8}.Debug|Any CPU.ActiveCfg = Debug|Any CPU
		{06F7525C-8723-47D0-B0EC-913A86BBCCB8}.Debug|Any CPU.Build.0 = Debug|Any CPU
		{06F7525C-8723-47D0-B0EC-913A86BBCCB8}.Debug|Mixed Platforms.ActiveCfg = Debug|Any CPU
		{06F7525C-8723-47D0-B0EC-913A86BBCCB8}.Debug|Mixed Platforms.Build.0 = Debug|Any CPU
		{06F7525C-8723-47D0-B0EC-913A86BBCCB8}.Debug|x86.ActiveCfg = Debug|Any CPU
		{06F7525C-8723-47D0-B0EC-913A86BBCCB8}.Release|Any CPU.ActiveCfg = Release|Any CPU
		{06F7525C-8723-47D0-B0EC-913A86BBCCB8}.Release|Any CPU.Build.0 = Release|Any CPU
		{06F7525C-8723-47D0-B0EC-913A86BBCCB8}.Release|Mixed Platforms.ActiveCfg = Release|Any CPU
		{06F7525C-8723-47D0-B0EC-913A86BBCCB8}.Release|Mixed Platforms.Build.0 = Release|Any CPU
		{06F7525C-8723-47D0-B0EC-913A86BBCCB8}.Release|x86.ActiveCfg = Release|Any CPU
		{2B042653-D31A-443E-90DF-60C735A3B53A}.Debug|Any CPU.ActiveCfg = Debug|Any CPU
		{2B042653-D31A-443E-90DF-60C735A3B53A}.Debug|Any CPU.Build.0 = Debug|Any CPU
		{2B042653-D31A-443E-90DF-60C735A3B53A}.Debug|Mixed Platforms.ActiveCfg = Debug|Any CPU
		{2B042653-D31A-443E-90DF-60C735A3B53A}.Debug|Mixed Platforms.Build.0 = Debug|Any CPU
		{2B042653-D31A-443E-90DF-60C735A3B53A}.Debug|x86.ActiveCfg = Debug|Any CPU
		{2B042653-D31A-443E-90DF-60C735A3B53A}.Release|Any CPU.ActiveCfg = Release|Any CPU
		{2B042653-D31A-443E-90DF-60C735A3B53A}.Release|Any CPU.Build.0 = Release|Any CPU
		{2B042653-D31A-443E-90DF-60C735A3B53A}.Release|Mixed Platforms.ActiveCfg = Release|Any CPU
		{2B042653-D31A-443E-90DF-60C735A3B53A}.Release|Mixed Platforms.Build.0 = Release|Any CPU
		{2B042653-D31A-443E-90DF-60C735A3B53A}.Release|x86.ActiveCfg = Release|Any CPU
		{5A61B05F-3E6B-47FB-8878-C2F93C48CC78}.Debug|Any CPU.ActiveCfg = Debug|Any CPU
		{5A61B05F-3E6B-47FB-8878-C2F93C48CC78}.Debug|Any CPU.Build.0 = Debug|Any CPU
		{5A61B05F-3E6B-47FB-8878-C2F93C48CC78}.Debug|Mixed Platforms.ActiveCfg = Debug|Any CPU
		{5A61B05F-3E6B-47FB-8878-C2F93C48CC78}.Debug|Mixed Platforms.Build.0 = Debug|Any CPU
		{5A61B05F-3E6B-47FB-8878-C2F93C48CC78}.Debug|x86.ActiveCfg = Debug|Any CPU
		{5A61B05F-3E6B-47FB-8878-C2F93C48CC78}.Release|Any CPU.ActiveCfg = Release|Any CPU
		{5A61B05F-3E6B-47FB-8878-C2F93C48CC78}.Release|Any CPU.Build.0 = Release|Any CPU
		{5A61B05F-3E6B-47FB-8878-C2F93C48CC78}.Release|Mixed Platforms.ActiveCfg = Release|Any CPU
		{5A61B05F-3E6B-47FB-8878-C2F93C48CC78}.Release|Mixed Platforms.Build.0 = Release|Any CPU
		{5A61B05F-3E6B-47FB-8878-C2F93C48CC78}.Release|x86.ActiveCfg = Release|Any CPU
		{23C4F024-CC95-4455-85BD-5C20528EFE8D}.Debug|Any CPU.ActiveCfg = Debug|Any CPU
		{23C4F024-CC95-4455-85BD-5C20528EFE8D}.Debug|Any CPU.Build.0 = Debug|Any CPU
		{23C4F024-CC95-4455-85BD-5C20528EFE8D}.Debug|Mixed Platforms.ActiveCfg = Debug|Any CPU
		{23C4F024-CC95-4455-85BD-5C20528EFE8D}.Debug|Mixed Platforms.Build.0 = Debug|Any CPU
		{23C4F024-CC95-4455-85BD-5C20528EFE8D}.Debug|x86.ActiveCfg = Debug|Any CPU
		{23C4F024-CC95-4455-85BD-5C20528EFE8D}.Release|Any CPU.ActiveCfg = Release|Any CPU
		{23C4F024-CC95-4455-85BD-5C20528EFE8D}.Release|Any CPU.Build.0 = Release|Any CPU
		{23C4F024-CC95-4455-85BD-5C20528EFE8D}.Release|Mixed Platforms.ActiveCfg = Release|Any CPU
		{23C4F024-CC95-4455-85BD-5C20528EFE8D}.Release|Mixed Platforms.Build.0 = Release|Any CPU
		{23C4F024-CC95-4455-85BD-5C20528EFE8D}.Release|x86.ActiveCfg = Release|Any CPU
		{C6AAE979-9D27-4D3B-B9D7-0D0C9ABF78E0}.Debug|Any CPU.ActiveCfg = Debug|Any CPU
		{C6AAE979-9D27-4D3B-B9D7-0D0C9ABF78E0}.Debug|Any CPU.Build.0 = Debug|Any CPU
		{C6AAE979-9D27-4D3B-B9D7-0D0C9ABF78E0}.Debug|Mixed Platforms.ActiveCfg = Debug|Any CPU
		{C6AAE979-9D27-4D3B-B9D7-0D0C9ABF78E0}.Debug|Mixed Platforms.Build.0 = Debug|Any CPU
		{C6AAE979-9D27-4D3B-B9D7-0D0C9ABF78E0}.Debug|x86.ActiveCfg = Debug|Any CPU
		{C6AAE979-9D27-4D3B-B9D7-0D0C9ABF78E0}.Release|Any CPU.ActiveCfg = Release|Any CPU
		{C6AAE979-9D27-4D3B-B9D7-0D0C9ABF78E0}.Release|Any CPU.Build.0 = Release|Any CPU
		{C6AAE979-9D27-4D3B-B9D7-0D0C9ABF78E0}.Release|Mixed Platforms.ActiveCfg = Release|Any CPU
		{C6AAE979-9D27-4D3B-B9D7-0D0C9ABF78E0}.Release|Mixed Platforms.Build.0 = Release|Any CPU
		{C6AAE979-9D27-4D3B-B9D7-0D0C9ABF78E0}.Release|x86.ActiveCfg = Release|Any CPU
		{22591235-481E-4C9E-B397-675F4E3A2BA8}.Debug|Any CPU.ActiveCfg = Debug|Any CPU
		{22591235-481E-4C9E-B397-675F4E3A2BA8}.Debug|Any CPU.Build.0 = Debug|Any CPU
		{22591235-481E-4C9E-B397-675F4E3A2BA8}.Debug|Mixed Platforms.ActiveCfg = Debug|Any CPU
		{22591235-481E-4C9E-B397-675F4E3A2BA8}.Debug|Mixed Platforms.Build.0 = Debug|Any CPU
		{22591235-481E-4C9E-B397-675F4E3A2BA8}.Debug|x86.ActiveCfg = Debug|Any CPU
		{22591235-481E-4C9E-B397-675F4E3A2BA8}.Release|Any CPU.ActiveCfg = Release|Any CPU
		{22591235-481E-4C9E-B397-675F4E3A2BA8}.Release|Any CPU.Build.0 = Release|Any CPU
		{22591235-481E-4C9E-B397-675F4E3A2BA8}.Release|Mixed Platforms.ActiveCfg = Release|Any CPU
		{22591235-481E-4C9E-B397-675F4E3A2BA8}.Release|Mixed Platforms.Build.0 = Release|Any CPU
		{22591235-481E-4C9E-B397-675F4E3A2BA8}.Release|x86.ActiveCfg = Release|Any CPU
		{AB146C4F-0F8E-49F5-889D-DAE9021FD408}.Debug|Any CPU.ActiveCfg = Debug|Any CPU
		{AB146C4F-0F8E-49F5-889D-DAE9021FD408}.Debug|Any CPU.Build.0 = Debug|Any CPU
		{AB146C4F-0F8E-49F5-889D-DAE9021FD408}.Debug|Mixed Platforms.ActiveCfg = Debug|Any CPU
		{AB146C4F-0F8E-49F5-889D-DAE9021FD408}.Debug|Mixed Platforms.Build.0 = Debug|Any CPU
		{AB146C4F-0F8E-49F5-889D-DAE9021FD408}.Debug|x86.ActiveCfg = Debug|Any CPU
		{AB146C4F-0F8E-49F5-889D-DAE9021FD408}.Release|Any CPU.ActiveCfg = Release|Any CPU
		{AB146C4F-0F8E-49F5-889D-DAE9021FD408}.Release|Any CPU.Build.0 = Release|Any CPU
		{AB146C4F-0F8E-49F5-889D-DAE9021FD408}.Release|Mixed Platforms.ActiveCfg = Release|Any CPU
		{AB146C4F-0F8E-49F5-889D-DAE9021FD408}.Release|Mixed Platforms.Build.0 = Release|Any CPU
		{AB146C4F-0F8E-49F5-889D-DAE9021FD408}.Release|x86.ActiveCfg = Release|Any CPU
		{FEB8D9CC-2558-4A9F-92BD-99432ED7D8D3}.Debug|Any CPU.ActiveCfg = Debug|Any CPU
		{FEB8D9CC-2558-4A9F-92BD-99432ED7D8D3}.Debug|Any CPU.Build.0 = Debug|Any CPU
		{FEB8D9CC-2558-4A9F-92BD-99432ED7D8D3}.Debug|Mixed Platforms.ActiveCfg = Debug|Any CPU
		{FEB8D9CC-2558-4A9F-92BD-99432ED7D8D3}.Debug|Mixed Platforms.Build.0 = Debug|Any CPU
		{FEB8D9CC-2558-4A9F-92BD-99432ED7D8D3}.Debug|x86.ActiveCfg = Debug|Any CPU
		{FEB8D9CC-2558-4A9F-92BD-99432ED7D8D3}.Release|Any CPU.ActiveCfg = Release|Any CPU
		{FEB8D9CC-2558-4A9F-92BD-99432ED7D8D3}.Release|Any CPU.Build.0 = Release|Any CPU
		{FEB8D9CC-2558-4A9F-92BD-99432ED7D8D3}.Release|Mixed Platforms.ActiveCfg = Release|Any CPU
		{FEB8D9CC-2558-4A9F-92BD-99432ED7D8D3}.Release|Mixed Platforms.Build.0 = Release|Any CPU
		{FEB8D9CC-2558-4A9F-92BD-99432ED7D8D3}.Release|x86.ActiveCfg = Release|Any CPU
		{866C305E-50C4-4A44-AB3E-1AF2F2CAA657}.Debug|Any CPU.ActiveCfg = Debug|Any CPU
		{866C305E-50C4-4A44-AB3E-1AF2F2CAA657}.Debug|Any CPU.Build.0 = Debug|Any CPU
		{866C305E-50C4-4A44-AB3E-1AF2F2CAA657}.Debug|Mixed Platforms.ActiveCfg = Debug|Any CPU
		{866C305E-50C4-4A44-AB3E-1AF2F2CAA657}.Debug|Mixed Platforms.Build.0 = Debug|Any CPU
		{866C305E-50C4-4A44-AB3E-1AF2F2CAA657}.Debug|x86.ActiveCfg = Debug|Any CPU
		{866C305E-50C4-4A44-AB3E-1AF2F2CAA657}.Release|Any CPU.ActiveCfg = Release|Any CPU
		{866C305E-50C4-4A44-AB3E-1AF2F2CAA657}.Release|Any CPU.Build.0 = Release|Any CPU
		{866C305E-50C4-4A44-AB3E-1AF2F2CAA657}.Release|Mixed Platforms.ActiveCfg = Release|Any CPU
		{866C305E-50C4-4A44-AB3E-1AF2F2CAA657}.Release|Mixed Platforms.Build.0 = Release|Any CPU
		{866C305E-50C4-4A44-AB3E-1AF2F2CAA657}.Release|x86.ActiveCfg = Release|Any CPU
		{BDA4CB09-BE89-4044-BA8E-951C4919C1C7}.Debug|Any CPU.ActiveCfg = Debug|Any CPU
		{BDA4CB09-BE89-4044-BA8E-951C4919C1C7}.Debug|Any CPU.Build.0 = Debug|Any CPU
		{BDA4CB09-BE89-4044-BA8E-951C4919C1C7}.Debug|Mixed Platforms.ActiveCfg = Debug|Any CPU
		{BDA4CB09-BE89-4044-BA8E-951C4919C1C7}.Debug|Mixed Platforms.Build.0 = Debug|Any CPU
		{BDA4CB09-BE89-4044-BA8E-951C4919C1C7}.Debug|x86.ActiveCfg = Debug|Any CPU
		{BDA4CB09-BE89-4044-BA8E-951C4919C1C7}.Release|Any CPU.ActiveCfg = Release|Any CPU
		{BDA4CB09-BE89-4044-BA8E-951C4919C1C7}.Release|Any CPU.Build.0 = Release|Any CPU
		{BDA4CB09-BE89-4044-BA8E-951C4919C1C7}.Release|Mixed Platforms.ActiveCfg = Release|Any CPU
		{BDA4CB09-BE89-4044-BA8E-951C4919C1C7}.Release|Mixed Platforms.Build.0 = Release|Any CPU
		{BDA4CB09-BE89-4044-BA8E-951C4919C1C7}.Release|x86.ActiveCfg = Release|Any CPU
		{F4A456BC-9CB1-4EEC-AF96-CAE1FDB35E7B}.Debug|Any CPU.ActiveCfg = Debug|Any CPU
		{F4A456BC-9CB1-4EEC-AF96-CAE1FDB35E7B}.Debug|Any CPU.Build.0 = Debug|Any CPU
		{F4A456BC-9CB1-4EEC-AF96-CAE1FDB35E7B}.Debug|Mixed Platforms.ActiveCfg = Debug|Any CPU
		{F4A456BC-9CB1-4EEC-AF96-CAE1FDB35E7B}.Debug|Mixed Platforms.Build.0 = Debug|Any CPU
		{F4A456BC-9CB1-4EEC-AF96-CAE1FDB35E7B}.Debug|x86.ActiveCfg = Debug|Any CPU
		{F4A456BC-9CB1-4EEC-AF96-CAE1FDB35E7B}.Release|Any CPU.ActiveCfg = Release|Any CPU
		{F4A456BC-9CB1-4EEC-AF96-CAE1FDB35E7B}.Release|Any CPU.Build.0 = Release|Any CPU
		{F4A456BC-9CB1-4EEC-AF96-CAE1FDB35E7B}.Release|Mixed Platforms.ActiveCfg = Release|Any CPU
		{F4A456BC-9CB1-4EEC-AF96-CAE1FDB35E7B}.Release|Mixed Platforms.Build.0 = Release|Any CPU
		{F4A456BC-9CB1-4EEC-AF96-CAE1FDB35E7B}.Release|x86.ActiveCfg = Release|Any CPU
		{B7914CA3-CFCA-407D-8ED9-CE56ED323CB9}.Debug|Any CPU.ActiveCfg = Debug|Any CPU
		{B7914CA3-CFCA-407D-8ED9-CE56ED323CB9}.Debug|Any CPU.Build.0 = Debug|Any CPU
		{B7914CA3-CFCA-407D-8ED9-CE56ED323CB9}.Debug|Mixed Platforms.ActiveCfg = Debug|Any CPU
		{B7914CA3-CFCA-407D-8ED9-CE56ED323CB9}.Debug|Mixed Platforms.Build.0 = Debug|Any CPU
		{B7914CA3-CFCA-407D-8ED9-CE56ED323CB9}.Debug|x86.ActiveCfg = Debug|Any CPU
		{B7914CA3-CFCA-407D-8ED9-CE56ED323CB9}.Release|Any CPU.ActiveCfg = Release|Any CPU
		{B7914CA3-CFCA-407D-8ED9-CE56ED323CB9}.Release|Any CPU.Build.0 = Release|Any CPU
		{B7914CA3-CFCA-407D-8ED9-CE56ED323CB9}.Release|Mixed Platforms.ActiveCfg = Release|Any CPU
		{B7914CA3-CFCA-407D-8ED9-CE56ED323CB9}.Release|Mixed Platforms.Build.0 = Release|Any CPU
		{B7914CA3-CFCA-407D-8ED9-CE56ED323CB9}.Release|x86.ActiveCfg = Release|Any CPU
		{713A6210-43A7-4F13-946A-7F6592A7E38F}.Debug|Any CPU.ActiveCfg = Debug|Any CPU
		{713A6210-43A7-4F13-946A-7F6592A7E38F}.Debug|Any CPU.Build.0 = Debug|Any CPU
		{713A6210-43A7-4F13-946A-7F6592A7E38F}.Debug|Mixed Platforms.ActiveCfg = Debug|Any CPU
		{713A6210-43A7-4F13-946A-7F6592A7E38F}.Debug|Mixed Platforms.Build.0 = Debug|Any CPU
		{713A6210-43A7-4F13-946A-7F6592A7E38F}.Debug|x86.ActiveCfg = Debug|Any CPU
		{713A6210-43A7-4F13-946A-7F6592A7E38F}.Release|Any CPU.ActiveCfg = Release|Any CPU
		{713A6210-43A7-4F13-946A-7F6592A7E38F}.Release|Any CPU.Build.0 = Release|Any CPU
		{713A6210-43A7-4F13-946A-7F6592A7E38F}.Release|Mixed Platforms.ActiveCfg = Release|Any CPU
		{713A6210-43A7-4F13-946A-7F6592A7E38F}.Release|Mixed Platforms.Build.0 = Release|Any CPU
		{713A6210-43A7-4F13-946A-7F6592A7E38F}.Release|x86.ActiveCfg = Release|Any CPU
		{F5AC0C1A-C345-4EB5-88F1-88A153B1EBE8}.Debug|Any CPU.ActiveCfg = Debug|Any CPU
		{F5AC0C1A-C345-4EB5-88F1-88A153B1EBE8}.Debug|Any CPU.Build.0 = Debug|Any CPU
		{F5AC0C1A-C345-4EB5-88F1-88A153B1EBE8}.Debug|Mixed Platforms.ActiveCfg = Debug|Any CPU
		{F5AC0C1A-C345-4EB5-88F1-88A153B1EBE8}.Debug|Mixed Platforms.Build.0 = Debug|Any CPU
		{F5AC0C1A-C345-4EB5-88F1-88A153B1EBE8}.Debug|x86.ActiveCfg = Debug|Any CPU
		{F5AC0C1A-C345-4EB5-88F1-88A153B1EBE8}.Release|Any CPU.ActiveCfg = Release|Any CPU
		{F5AC0C1A-C345-4EB5-88F1-88A153B1EBE8}.Release|Any CPU.Build.0 = Release|Any CPU
		{F5AC0C1A-C345-4EB5-88F1-88A153B1EBE8}.Release|Mixed Platforms.ActiveCfg = Release|Any CPU
		{F5AC0C1A-C345-4EB5-88F1-88A153B1EBE8}.Release|Mixed Platforms.Build.0 = Release|Any CPU
		{F5AC0C1A-C345-4EB5-88F1-88A153B1EBE8}.Release|x86.ActiveCfg = Release|Any CPU
		{0A170195-BEC6-4BD3-BB7C-9B8CE6F6C26A}.Debug|Any CPU.ActiveCfg = Debug|Any CPU
		{0A170195-BEC6-4BD3-BB7C-9B8CE6F6C26A}.Debug|Any CPU.Build.0 = Debug|Any CPU
		{0A170195-BEC6-4BD3-BB7C-9B8CE6F6C26A}.Debug|Mixed Platforms.ActiveCfg = Debug|Any CPU
		{0A170195-BEC6-4BD3-BB7C-9B8CE6F6C26A}.Debug|Mixed Platforms.Build.0 = Debug|Any CPU
		{0A170195-BEC6-4BD3-BB7C-9B8CE6F6C26A}.Debug|x86.ActiveCfg = Debug|Any CPU
		{0A170195-BEC6-4BD3-BB7C-9B8CE6F6C26A}.Release|Any CPU.ActiveCfg = Release|Any CPU
		{0A170195-BEC6-4BD3-BB7C-9B8CE6F6C26A}.Release|Any CPU.Build.0 = Release|Any CPU
		{0A170195-BEC6-4BD3-BB7C-9B8CE6F6C26A}.Release|Mixed Platforms.ActiveCfg = Release|Any CPU
		{0A170195-BEC6-4BD3-BB7C-9B8CE6F6C26A}.Release|Mixed Platforms.Build.0 = Release|Any CPU
		{0A170195-BEC6-4BD3-BB7C-9B8CE6F6C26A}.Release|x86.ActiveCfg = Release|Any CPU
		{C82A41A1-6289-492B-A2E7-0C455933CE9D}.Debug|Any CPU.ActiveCfg = Debug|Any CPU
		{C82A41A1-6289-492B-A2E7-0C455933CE9D}.Debug|Any CPU.Build.0 = Debug|Any CPU
		{C82A41A1-6289-492B-A2E7-0C455933CE9D}.Debug|Mixed Platforms.ActiveCfg = Debug|Any CPU
		{C82A41A1-6289-492B-A2E7-0C455933CE9D}.Debug|Mixed Platforms.Build.0 = Debug|Any CPU
		{C82A41A1-6289-492B-A2E7-0C455933CE9D}.Debug|x86.ActiveCfg = Debug|Any CPU
		{C82A41A1-6289-492B-A2E7-0C455933CE9D}.Release|Any CPU.ActiveCfg = Release|Any CPU
		{C82A41A1-6289-492B-A2E7-0C455933CE9D}.Release|Any CPU.Build.0 = Release|Any CPU
		{C82A41A1-6289-492B-A2E7-0C455933CE9D}.Release|Mixed Platforms.ActiveCfg = Release|Any CPU
		{C82A41A1-6289-492B-A2E7-0C455933CE9D}.Release|Mixed Platforms.Build.0 = Release|Any CPU
		{C82A41A1-6289-492B-A2E7-0C455933CE9D}.Release|x86.ActiveCfg = Release|Any CPU
		{4F502D1E-D8D1-41C3-87AA-3C3DA7FF4907}.Debug|Any CPU.ActiveCfg = Debug|Any CPU
		{4F502D1E-D8D1-41C3-87AA-3C3DA7FF4907}.Debug|Any CPU.Build.0 = Debug|Any CPU
		{4F502D1E-D8D1-41C3-87AA-3C3DA7FF4907}.Debug|Mixed Platforms.ActiveCfg = Debug|Any CPU
		{4F502D1E-D8D1-41C3-87AA-3C3DA7FF4907}.Debug|Mixed Platforms.Build.0 = Debug|Any CPU
		{4F502D1E-D8D1-41C3-87AA-3C3DA7FF4907}.Debug|x86.ActiveCfg = Debug|Any CPU
		{4F502D1E-D8D1-41C3-87AA-3C3DA7FF4907}.Release|Any CPU.ActiveCfg = Release|Any CPU
		{4F502D1E-D8D1-41C3-87AA-3C3DA7FF4907}.Release|Any CPU.Build.0 = Release|Any CPU
		{4F502D1E-D8D1-41C3-87AA-3C3DA7FF4907}.Release|Mixed Platforms.ActiveCfg = Release|Any CPU
		{4F502D1E-D8D1-41C3-87AA-3C3DA7FF4907}.Release|Mixed Platforms.Build.0 = Release|Any CPU
		{4F502D1E-D8D1-41C3-87AA-3C3DA7FF4907}.Release|x86.ActiveCfg = Release|Any CPU
		{ECF9FCA3-4CD3-43A3-9AD8-A7B5EBAB109D}.Debug|Any CPU.ActiveCfg = Debug|Any CPU
		{ECF9FCA3-4CD3-43A3-9AD8-A7B5EBAB109D}.Debug|Any CPU.Build.0 = Debug|Any CPU
		{ECF9FCA3-4CD3-43A3-9AD8-A7B5EBAB109D}.Debug|Mixed Platforms.ActiveCfg = Debug|Any CPU
		{ECF9FCA3-4CD3-43A3-9AD8-A7B5EBAB109D}.Debug|Mixed Platforms.Build.0 = Debug|Any CPU
		{ECF9FCA3-4CD3-43A3-9AD8-A7B5EBAB109D}.Debug|x86.ActiveCfg = Debug|Any CPU
		{ECF9FCA3-4CD3-43A3-9AD8-A7B5EBAB109D}.Release|Any CPU.ActiveCfg = Release|Any CPU
		{ECF9FCA3-4CD3-43A3-9AD8-A7B5EBAB109D}.Release|Any CPU.Build.0 = Release|Any CPU
		{ECF9FCA3-4CD3-43A3-9AD8-A7B5EBAB109D}.Release|Mixed Platforms.ActiveCfg = Release|Any CPU
		{ECF9FCA3-4CD3-43A3-9AD8-A7B5EBAB109D}.Release|Mixed Platforms.Build.0 = Release|Any CPU
		{ECF9FCA3-4CD3-43A3-9AD8-A7B5EBAB109D}.Release|x86.ActiveCfg = Release|Any CPU
		{A61B3F9A-85CB-4CEA-AA27-51084AFE6918}.Debug|Any CPU.ActiveCfg = Debug|Any CPU
		{A61B3F9A-85CB-4CEA-AA27-51084AFE6918}.Debug|Any CPU.Build.0 = Debug|Any CPU
		{A61B3F9A-85CB-4CEA-AA27-51084AFE6918}.Debug|Mixed Platforms.ActiveCfg = Debug|Any CPU
		{A61B3F9A-85CB-4CEA-AA27-51084AFE6918}.Debug|Mixed Platforms.Build.0 = Debug|Any CPU
		{A61B3F9A-85CB-4CEA-AA27-51084AFE6918}.Debug|x86.ActiveCfg = Debug|Any CPU
		{A61B3F9A-85CB-4CEA-AA27-51084AFE6918}.Release|Any CPU.ActiveCfg = Release|Any CPU
		{A61B3F9A-85CB-4CEA-AA27-51084AFE6918}.Release|Any CPU.Build.0 = Release|Any CPU
		{A61B3F9A-85CB-4CEA-AA27-51084AFE6918}.Release|Mixed Platforms.ActiveCfg = Release|Any CPU
		{A61B3F9A-85CB-4CEA-AA27-51084AFE6918}.Release|Mixed Platforms.Build.0 = Release|Any CPU
		{A61B3F9A-85CB-4CEA-AA27-51084AFE6918}.Release|x86.ActiveCfg = Release|Any CPU
		{CA83E993-B1D4-4A22-84B4-0CE547CD0F03}.Debug|Any CPU.ActiveCfg = Debug|Any CPU
		{CA83E993-B1D4-4A22-84B4-0CE547CD0F03}.Debug|Any CPU.Build.0 = Debug|Any CPU
		{CA83E993-B1D4-4A22-84B4-0CE547CD0F03}.Debug|Mixed Platforms.ActiveCfg = Debug|Any CPU
		{CA83E993-B1D4-4A22-84B4-0CE547CD0F03}.Debug|Mixed Platforms.Build.0 = Debug|Any CPU
		{CA83E993-B1D4-4A22-84B4-0CE547CD0F03}.Debug|x86.ActiveCfg = Debug|Any CPU
		{CA83E993-B1D4-4A22-84B4-0CE547CD0F03}.Release|Any CPU.ActiveCfg = Release|Any CPU
		{CA83E993-B1D4-4A22-84B4-0CE547CD0F03}.Release|Any CPU.Build.0 = Release|Any CPU
		{CA83E993-B1D4-4A22-84B4-0CE547CD0F03}.Release|Mixed Platforms.ActiveCfg = Release|Any CPU
		{CA83E993-B1D4-4A22-84B4-0CE547CD0F03}.Release|Mixed Platforms.Build.0 = Release|Any CPU
		{CA83E993-B1D4-4A22-84B4-0CE547CD0F03}.Release|x86.ActiveCfg = Release|Any CPU
		{AE9785F0-CF39-4F51-9AC9-70FA66138E12}.Debug|Any CPU.ActiveCfg = Debug|Any CPU
		{AE9785F0-CF39-4F51-9AC9-70FA66138E12}.Debug|Any CPU.Build.0 = Debug|Any CPU
		{AE9785F0-CF39-4F51-9AC9-70FA66138E12}.Debug|Mixed Platforms.ActiveCfg = Debug|Any CPU
		{AE9785F0-CF39-4F51-9AC9-70FA66138E12}.Debug|Mixed Platforms.Build.0 = Debug|Any CPU
		{AE9785F0-CF39-4F51-9AC9-70FA66138E12}.Debug|x86.ActiveCfg = Debug|Any CPU
		{AE9785F0-CF39-4F51-9AC9-70FA66138E12}.Release|Any CPU.ActiveCfg = Release|Any CPU
		{AE9785F0-CF39-4F51-9AC9-70FA66138E12}.Release|Any CPU.Build.0 = Release|Any CPU
		{AE9785F0-CF39-4F51-9AC9-70FA66138E12}.Release|Mixed Platforms.ActiveCfg = Release|Any CPU
		{AE9785F0-CF39-4F51-9AC9-70FA66138E12}.Release|Mixed Platforms.Build.0 = Release|Any CPU
		{AE9785F0-CF39-4F51-9AC9-70FA66138E12}.Release|x86.ActiveCfg = Release|Any CPU
		{3C6B9942-AEBD-4E0F-9A98-0A540CD44677}.Debug|Any CPU.ActiveCfg = Debug|Any CPU
		{3C6B9942-AEBD-4E0F-9A98-0A540CD44677}.Debug|Any CPU.Build.0 = Debug|Any CPU
		{3C6B9942-AEBD-4E0F-9A98-0A540CD44677}.Debug|Mixed Platforms.ActiveCfg = Debug|Any CPU
		{3C6B9942-AEBD-4E0F-9A98-0A540CD44677}.Debug|Mixed Platforms.Build.0 = Debug|Any CPU
		{3C6B9942-AEBD-4E0F-9A98-0A540CD44677}.Debug|x86.ActiveCfg = Debug|Any CPU
		{3C6B9942-AEBD-4E0F-9A98-0A540CD44677}.Release|Any CPU.ActiveCfg = Release|Any CPU
		{3C6B9942-AEBD-4E0F-9A98-0A540CD44677}.Release|Any CPU.Build.0 = Release|Any CPU
		{3C6B9942-AEBD-4E0F-9A98-0A540CD44677}.Release|Mixed Platforms.ActiveCfg = Release|Any CPU
		{3C6B9942-AEBD-4E0F-9A98-0A540CD44677}.Release|Mixed Platforms.Build.0 = Release|Any CPU
		{3C6B9942-AEBD-4E0F-9A98-0A540CD44677}.Release|x86.ActiveCfg = Release|Any CPU
		{7F6B53C1-F15C-4D2E-B1D8-AEA6822A94B1}.Debug|Any CPU.ActiveCfg = Debug|Any CPU
		{7F6B53C1-F15C-4D2E-B1D8-AEA6822A94B1}.Debug|Any CPU.Build.0 = Debug|Any CPU
		{7F6B53C1-F15C-4D2E-B1D8-AEA6822A94B1}.Debug|Mixed Platforms.ActiveCfg = Debug|Any CPU
		{7F6B53C1-F15C-4D2E-B1D8-AEA6822A94B1}.Debug|Mixed Platforms.Build.0 = Debug|Any CPU
		{7F6B53C1-F15C-4D2E-B1D8-AEA6822A94B1}.Debug|x86.ActiveCfg = Debug|Any CPU
		{7F6B53C1-F15C-4D2E-B1D8-AEA6822A94B1}.Debug|x86.Build.0 = Debug|Any CPU
		{7F6B53C1-F15C-4D2E-B1D8-AEA6822A94B1}.Release|Any CPU.ActiveCfg = Release|Any CPU
		{7F6B53C1-F15C-4D2E-B1D8-AEA6822A94B1}.Release|Any CPU.Build.0 = Release|Any CPU
		{7F6B53C1-F15C-4D2E-B1D8-AEA6822A94B1}.Release|Mixed Platforms.ActiveCfg = Release|Any CPU
		{7F6B53C1-F15C-4D2E-B1D8-AEA6822A94B1}.Release|Mixed Platforms.Build.0 = Release|Any CPU
		{7F6B53C1-F15C-4D2E-B1D8-AEA6822A94B1}.Release|x86.ActiveCfg = Release|Any CPU
		{7F6B53C1-F15C-4D2E-B1D8-AEA6822A94B1}.Release|x86.Build.0 = Release|Any CPU
	EndGlobalSection
	GlobalSection(SolutionProperties) = preSolution
		HideSolutionNode = FALSE
	EndGlobalSection
	GlobalSection(ExtensibilityGlobals) = postSolution
		SolutionGuid = {DB0A4A58-AB22-4D58-897C-745D16677216}
	EndGlobalSection
EndGlobal
