
Microsoft Visual Studio Solution File, Format Version 12.00
# Visual Studio 2013
VisualStudioVersion = 12.0.21005.1
MinimumVisualStudioVersion = 10.0.40219.1
Project("{FAE04EC0-301F-11D3-BF4B-00C04F79EFBC}") = "0101.HelloWorld", "0101.HelloWorld\0101.HelloWorld.csproj", "{AE66FDC2-8EB9-45BE-985B-B73D4214EE0A}"
EndProject
Project("{FAE04EC0-301F-11D3-BF4B-00C04F79EFBC}") = "0102.PrintMyName", "0102.PrintMyName\0102.PrintMyName.csproj", "{91146849-44E4-4665-8E33-2CFEC985EAA6}"
EndProject
Project("{FAE04EC0-301F-11D3-BF4B-00C04F79EFBC}") = "0103.PrintNumbers", "0103.PrintNumbers\0103.PrintNumbers.csproj", "{659A14AA-25F1-4E74-B9DA-DAFCDE1312B1}"
EndProject
Project("{FAE04EC0-301F-11D3-BF4B-00C04F79EFBC}") = "0104.PrintFirstAndLastName", "0104.PrintFirstAndLastName\0104.PrintFirstAndLastName.csproj", "{4C9E7D27-A85F-4B71-A10D-635BC55FE05A}"
EndProject
Project("{FAE04EC0-301F-11D3-BF4B-00C04F79EFBC}") = "0105.SquareRoot", "0105.SquareRoot\0105.SquareRoot.csproj", "{666F3457-AFA7-484E-8B8A-935D36F14102}"
EndProject
Project("{FAE04EC0-301F-11D3-BF4B-00C04F79EFBC}") = "0106.PrintSequence", "0106.PrintSequence\0106.PrintSequence.csproj", "{2C21BEB0-F3CB-4992-8D3D-00F4BA24FB9D}"
EndProject
Project("{FAE04EC0-301F-11D3-BF4B-00C04F79EFBC}") = "0107.hoRRiblEcoDe", "0107.hoRRiblEcoDe\0107.hoRRiblEcoDe.csproj", "{5E14CB69-1F55-4779-BB25-D023C801EC77}"
EndProject
Project("{FAE04EC0-301F-11D3-BF4B-00C04F79EFBC}") = "0108.CurrentDateAndTime", "0108.CurrentDateAndTime\0108.CurrentDateAndTime.csproj", "{0E8E3260-F0E8-4D2A-8EA1-44995E0FF50E}"
EndProject
Project("{FAE04EC0-301F-11D3-BF4B-00C04F79EFBC}") = "0109.AgeAfter10Years", "0109.AgeAfter10Years\0109.AgeAfter10Years.csproj", "{9BD08012-962D-4607-9C73-BD01894E7E1F}"
EndProject
Project("{FAE04EC0-301F-11D3-BF4B-00C04F79EFBC}") = "0110.PrintLongSequence", "0110.PrintLongSequence\0110.PrintLongSequence.csproj", "{3D1434F9-FDFA-42CC-A864-BC48FDC87104}"
EndProject
Project("{FAE04EC0-301F-11D3-BF4B-00C04F79EFBC}") = "0111.DebuggerGame", "0111.DebuggerGame\0111.DebuggerGame.csproj", "{597A8D8F-54D9-49A0-9CAE-1D8A44B31C04}"
EndProject
Project("{FAE04EC0-301F-11D3-BF4B-00C04F79EFBC}") = "0199.HowToPrintChar", "0199.HowToPrintChar\0199.HowToPrintChar.csproj", "{63976BC6-E290-4AD5-99FB-B51164A75AB0}"
EndProject
Project("{FAE04EC0-301F-11D3-BF4B-00C04F79EFBC}") = "0201.DeclareVariables", "0201.DeclareVariables\0201.DeclareVariables.csproj", "{193BE82C-F0AC-4004-A9A6-6AD68F55BADF}"
EndProject
Project("{FAE04EC0-301F-11D3-BF4B-00C04F79EFBC}") = "0202.FloatOrDouble", "0202.FloatOrDouble\0202.FloatOrDouble.csproj", "{6E56EBAE-0E00-480D-ABE0-DBE30AC2DCC4}"
EndProject
Project("{FAE04EC0-301F-11D3-BF4B-00C04F79EFBC}") = "0203.VariableInHexadecimalFormat", "0203.VariableInHexadecimalFormat\0203.VariableInHexadecimalFormat.csproj", "{855B8305-A9B0-4ECA-8AE7-D80731C0C219}"
EndProject
Project("{FAE04EC0-301F-11D3-BF4B-00C04F79EFBC}") = "0204.UnicodeCharacter", "0204.UnicodeCharacter\0204.UnicodeCharacter.csproj", "{46FCAA6A-B63E-4D9F-A388-E9621C465B87}"
EndProject
Project("{FAE04EC0-301F-11D3-BF4B-00C04F79EFBC}") = "0205.BooleanVariable", "0205.BooleanVariable\0205.BooleanVariable.csproj", "{DE0249A0-534F-48F8-9C5A-3D2C284D63F0}"
EndProject
Project("{FAE04EC0-301F-11D3-BF4B-00C04F79EFBC}") = "0206.StringsAndObjects", "0206.StringsAndObjects\0206.StringsAndObjects.csproj", "{1FEF216B-FD27-4615-B534-19098D49E03C}"
EndProject
Project("{FAE04EC0-301F-11D3-BF4B-00C04F79EFBC}") = "0207.QuotesInStrings", "0207.QuotesInStrings\0207.QuotesInStrings.csproj", "{1A3D3EAA-DC53-452A-9C60-B1BD6B4756AA}"
EndProject
Project("{FAE04EC0-301F-11D3-BF4B-00C04F79EFBC}") = "0208.IsoscelesTriangle", "0208.IsoscelesTriangle\0208.IsoscelesTriangle.csproj", "{F9BC1EB1-3898-4C99-93D2-040485AD7509}"
EndProject
Project("{FAE04EC0-301F-11D3-BF4B-00C04F79EFBC}") = "0209.ExchangeVariableValues", "0209.ExchangeVariableValues\0209.ExchangeVariableValues.csproj", "{124799A2-71DA-4B15-9C2E-D478931FBC6D}"
EndProject
Project("{FAE04EC0-301F-11D3-BF4B-00C04F79EFBC}") = "0210.EmployeeData", "0210.EmployeeData\0210.EmployeeData.csproj", "{3CFA13FC-4426-424C-B6C4-DE71E6F22E65}"
EndProject
Project("{FAE04EC0-301F-11D3-BF4B-00C04F79EFBC}") = "0211.BankAccountData", "0211.BankAccountData\0211.BankAccountData.csproj", "{7097DEDE-648F-4193-B381-1F84FFC18C0B}"
EndProject
Project("{FAE04EC0-301F-11D3-BF4B-00C04F79EFBC}") = "0212.NullValueArithmetic", "0212.NullValueArithmetic\0212.NullValueArithmetic.csproj", "{A19D1979-7F9B-41DF-B256-26BF2C61F461}"
EndProject
Project("{FAE04EC0-301F-11D3-BF4B-00C04F79EFBC}") = "0213.ComparingFloats", "0213.ComparingFloats\0213.ComparingFloats.csproj", "{8781BCA3-4FCB-4045-B997-96FF35DB4A61}"
EndProject
Project("{FAE04EC0-301F-11D3-BF4B-00C04F79EFBC}") = "0214.ASCII", "0214.ASCII\0214.ASCII.csproj", "{A3369D54-B6C0-47C7-9D47-5D7139D9957D}"
EndProject
Project("{FAE04EC0-301F-11D3-BF4B-00C04F79EFBC}") = "0215.JoroTheFootballPlayer", "0215.JoroTheFootballPlayer\0215.JoroTheFootballPlayer.csproj", "{EBF39F94-F6B4-4981-A1B4-904B456D4761}"
EndProject
Project("{FAE04EC0-301F-11D3-BF4B-00C04F79EFBC}") = "0216.HalfSum", "0216.HalfSum\0216.HalfSum.csproj", "{59050307-8DF6-440D-9556-4F34C92C173A}"
EndProject
Project("{FAE04EC0-301F-11D3-BF4B-00C04F79EFBC}") = "0217.Sunglasses", "0217.Sunglasses\0217.Sunglasses.csproj", "{A87D3CB2-9A60-4740-AC0A-51BBFF619FBF}"
EndProject
Project("{FAE04EC0-301F-11D3-BF4B-00C04F79EFBC}") = "0218.NineDigitMagicNumbers", "0218.NineDigitMagicNumbers\0218.NineDigitMagicNumbers.csproj", "{438D2B90-80BB-40B0-885A-D94FB0E7FAF9}"
EndProject
Project("{FAE04EC0-301F-11D3-BF4B-00C04F79EFBC}") = "0301.OddOrEvenIntegers", "0301.OddOrEvenIntegers\0301.OddOrEvenIntegers.csproj", "{AAE3D47F-8BE3-43C0-B2C0-B2D51F74DCEF}"
EndProject
Project("{FAE04EC0-301F-11D3-BF4B-00C04F79EFBC}") = "0302. GravitationOnTheMoon", "0302. GravitationOnTheMoon\0302. GravitationOnTheMoon.csproj", "{70D6569C-1116-4B88-8FD1-83ECF2B1512B}"
EndProject
Project("{FAE04EC0-301F-11D3-BF4B-00C04F79EFBC}") = "0303.DivideBy7and5", "0303.DivideBy7and5\0303.DivideBy7and5.csproj", "{5F6DB8B1-9415-470D-9E0C-78A840F01AA6}"
EndProject
Project("{FAE04EC0-301F-11D3-BF4B-00C04F79EFBC}") = "0304.Rectangles", "0304.Rectangles\0304.Rectangles.csproj", "{CE678BB4-A997-429B-B3CB-6F86F15F4C1E}"
EndProject
Project("{FAE04EC0-301F-11D3-BF4B-00C04F79EFBC}") = "0305.ThirdDigitIs7", "0305.ThirdDigitIs7\0305.ThirdDigitIs7.csproj", "{F171C4D6-3B2F-457A-9D54-6E5755E5FFF0}"
EndProject
Project("{FAE04EC0-301F-11D3-BF4B-00C04F79EFBC}") = "0306.FourDigitNumber", "0306.FourDigitNumber\0306.FourDigitNumber.csproj", "{76CEFF0B-80D3-4215-83FD-CC401080E657}"
EndProject
Project("{FAE04EC0-301F-11D3-BF4B-00C04F79EFBC}") = "0307.PointInACircle", "0307.PointInACircle\0307.PointInACircle.csproj", "{9F5F1238-F159-4FB1-A423-DA99FB01D028}"
EndProject
Project("{FAE04EC0-301F-11D3-BF4B-00C04F79EFBC}") = "0308.PrimeNumberCheck", "0308.PrimeNumberCheck\0308.PrimeNumberCheck.csproj", "{5EB41500-555C-4FB4-BD47-10610DF13767}"
EndProject
Project("{FAE04EC0-301F-11D3-BF4B-00C04F79EFBC}") = "0309.Trapezoids", "0309.Trapezoids\0309.Trapezoids.csproj", "{5D2F3486-AD09-40C5-A483-905ABEB6141E}"
EndProject
Project("{FAE04EC0-301F-11D3-BF4B-00C04F79EFBC}") = "0310.PointCircleAndRectangle", "0310.PointCircleAndRectangle\0310.PointCircleAndRectangle.csproj", "{3E8214B4-7754-4895-BFB2-9F5B794826E6}"
EndProject
Project("{FAE04EC0-301F-11D3-BF4B-00C04F79EFBC}") = "0311.BitwiseExtractBit3", "0311.BitwiseExtractBit3\0311.BitwiseExtractBit3.csproj", "{3FB5668C-5BD7-4B41-A865-955FD90DD61E}"
EndProject
Project("{FAE04EC0-301F-11D3-BF4B-00C04F79EFBC}") = "0312.ExtractBitFromInteger", "0312.ExtractBitFromInteger\0312.ExtractBitFromInteger.csproj", "{A1AB70ED-741B-44C2-83DD-DD001045AEA7}"
EndProject
Project("{FAE04EC0-301F-11D3-BF4B-00C04F79EFBC}") = "0313.CheckABitAtGivenPosition", "0313.CheckABitAtGivenPosition\0313.CheckABitAtGivenPosition.csproj", "{C003476E-0D44-48E9-9589-88A04CA52449}"
EndProject
Project("{FAE04EC0-301F-11D3-BF4B-00C04F79EFBC}") = "0314.ModifyABitAtGivenPosition", "0314.ModifyABitAtGivenPosition\0314.ModifyABitAtGivenPosition.csproj", "{F3429DF7-94B4-4A92-9CA2-E429B1344E99}"
EndProject
Project("{FAE04EC0-301F-11D3-BF4B-00C04F79EFBC}") = "0316.BitExchange", "0316.BitExchange\0316.BitExchange.csproj", "{54C3FAA1-9D5D-4291-AD83-8627D480611B}"
EndProject
Project("{FAE04EC0-301F-11D3-BF4B-00C04F79EFBC}") = "0399.TheOthers", "0399.TheOthers\0399.TheOthers.csproj", "{B6CF62AC-3306-4E6F-800E-24055FE7487E}"
EndProject
Project("{FAE04EC0-301F-11D3-BF4B-00C04F79EFBC}") = "0401.SumOf3Numbers", "0401.SumOf3Numbers\0401.SumOf3Numbers.csproj", "{0B822E9D-ED9C-4302-A663-4C31BE598794}"
EndProject
Project("{FAE04EC0-301F-11D3-BF4B-00C04F79EFBC}") = "0402.PrintCompanyInformation", "0402.PrintCompanyInformation\0402.PrintCompanyInformation.csproj", "{84F2051C-6FB4-46FD-B633-FCA6A513D32A}"
EndProject
Project("{FAE04EC0-301F-11D3-BF4B-00C04F79EFBC}") = "0403.CirclePerimeterAndArea", "0403.CirclePerimeterAndArea\0403.CirclePerimeterAndArea.csproj", "{0E56A9DC-DE4C-49B0-A829-EE1C9313C624}"
EndProject
Project("{FAE04EC0-301F-11D3-BF4B-00C04F79EFBC}") = "0404.NumberComparer", "0404.NumberComparer\0404.NumberComparer.csproj", "{6098D35E-9FEE-47BF-B0D9-D7AE1FB9A1C4}"
EndProject
Project("{FAE04EC0-301F-11D3-BF4B-00C04F79EFBC}") = "0405.FormattingNumbers", "0405.FormattingNumbers\0405.FormattingNumbers.csproj", "{9940E48E-8829-4AC2-AF27-748B0885650C}"
EndProject
Project("{FAE04EC0-301F-11D3-BF4B-00C04F79EFBC}") = "0406.QuadraticEquation", "0406.QuadraticEquation\0406.QuadraticEquation.csproj", "{DA36FF15-697B-467B-AB57-4BC224281C39}"
EndProject
Project("{FAE04EC0-301F-11D3-BF4B-00C04F79EFBC}") = "0407.SumOf5Numbers", "0407.SumOf5Numbers\0407.SumOf5Numbers.csproj", "{BC704AB7-DC5E-4702-8954-A1AD1D5D185B}"
EndProject
Project("{FAE04EC0-301F-11D3-BF4B-00C04F79EFBC}") = "0408.NumbersFromAtoN", "0408.NumbersFromAtoN\0408.NumbersFromAtoN.csproj", "{DD3BF41A-527F-429B-99D7-56545BE005F9}"
EndProject
Project("{FAE04EC0-301F-11D3-BF4B-00C04F79EFBC}") = "0409.SumOfNumbers", "0409.SumOfNumbers\0409.SumOfNumbers.csproj", "{B45261EB-DC42-48B6-91EF-0673FF4D98DB}"
EndProject
Project("{FAE04EC0-301F-11D3-BF4B-00C04F79EFBC}") = "0410.FibonacciNumbers", "0410.FibonacciNumbers\0410.FibonacciNumbers.csproj", "{59D2F39B-59ED-4B40-B4AB-39ECD20249E8}"
EndProject
Project("{FAE04EC0-301F-11D3-BF4B-00C04F79EFBC}") = "0499.SomethingInteresting", "0499.SomethingInteresting\0499.SomethingInteresting.csproj", "{11A03D12-0DB5-4122-955A-20F26C3AE260}"
EndProject
Project("{FAE04EC0-301F-11D3-BF4B-00C04F79EFBC}") = "0501.ExchangeIfGreater", "0501.ExchangeIfGreater\0501.ExchangeIfGreater.csproj", "{975C8EF7-7474-4612-9B81-A5FAC209FE59}"
EndProject
Project("{FAE04EC0-301F-11D3-BF4B-00C04F79EFBC}") = "0502.BonusScore", "0502.BonusScore\0502.BonusScore.csproj", "{DC654E57-9226-4CE4-814E-2F6E86DCF989}"
EndProject
Project("{FAE04EC0-301F-11D3-BF4B-00C04F79EFBC}") = "0503.CheckForAPlayCard", "0503.CheckForAPlayCard\0503.CheckForAPlayCard.csproj", "{279E3560-253B-4CB6-AEFB-CA9BB05CE6CD}"
EndProject
Project("{FAE04EC0-301F-11D3-BF4B-00C04F79EFBC}") = "0504.MultiplicationSign", "0504.MultiplicationSign\0504.MultiplicationSign.csproj", "{8950213E-32F6-4F2D-AF3C-ECF7EC913A82}"
EndProject
Project("{FAE04EC0-301F-11D3-BF4B-00C04F79EFBC}") = "0505.TheBiggestOf3Numbers", "0505.TheBiggestOf3Numbers\0505.TheBiggestOf3Numbers.csproj", "{A151B480-359A-45C6-BE31-B792DB6BA799}"
EndProject
Project("{FAE04EC0-301F-11D3-BF4B-00C04F79EFBC}") = "0506.TheBiggestOfFiveNumbers", "0506.TheBiggestOfFiveNumbers\0506.TheBiggestOfFiveNumbers.csproj", "{4260973E-5CAF-4F99-A513-2F8386D6F545}"
EndProject
Project("{FAE04EC0-301F-11D3-BF4B-00C04F79EFBC}") = "0507.Sort3NumbersWithNestedIfs", "0507.Sort3NumbersWithNestedIfs\0507.Sort3NumbersWithNestedIfs.csproj", "{178C3DA1-D9E0-437D-A741-65EA4AFA2583}"
EndProject
Project("{FAE04EC0-301F-11D3-BF4B-00C04F79EFBC}") = "0508.DigitAsWord", "0508.DigitAsWord\0508.DigitAsWord.csproj", "{1BDFB0A5-CF06-4A04-ACF1-936720B5CC52}"
EndProject
Project("{FAE04EC0-301F-11D3-BF4B-00C04F79EFBC}") = "0509.PlayWithIntDoubleAndString", "0509.PlayWithIntDoubleAndString\0509.PlayWithIntDoubleAndString.csproj", "{3EBAD2E3-7877-4402-807B-6C1E1D423516}"
EndProject
Project("{FAE04EC0-301F-11D3-BF4B-00C04F79EFBC}") = "0514.Pairs", "0514.Pairs\0514.Pairs.csproj", "{72F1974F-9ED1-45B3-A3C5-E177A471DAA0}"
EndProject
Project("{FAE04EC0-301F-11D3-BF4B-00C04F79EFBC}") = "0515.House", "0515.House\0515.House.csproj", "{6FBD07A7-CE9F-4F77-B8B8-CC3BCC314E12}"
EndProject
Project("{FAE04EC0-301F-11D3-BF4B-00C04F79EFBC}") = "0601.NmbersFrom0ToN", "0601.NmbersFrom0ToN\0601.NmbersFrom0ToN.csproj", "{A5B0E963-47E9-4F5E-948A-6B0FBDF774E0}"
EndProject
Project("{FAE04EC0-301F-11D3-BF4B-00C04F79EFBC}") = "0602.NumbersNotDivisibleBy3And7", "0602.NumbersNotDivisibleBy3And7\0602.NumbersNotDivisibleBy3And7.csproj", "{BEA31CB9-278C-4BB2-828F-EF629C015F2C}"
EndProject
Project("{FAE04EC0-301F-11D3-BF4B-00C04F79EFBC}") = "0603.MinMaxSumAndAverageOfNNumbers", "0603.MinMaxSumAndAverageOfNNumbers\0603.MinMaxSumAndAverageOfNNumbers.csproj", "{11C82DC2-E69E-49A7-AB4B-2DE069266171}"
EndProject
Project("{FAE04EC0-301F-11D3-BF4B-00C04F79EFBC}") = "0604.PrintADeckOf52Cards", "0604.PrintADeckOf52Cards\0604.PrintADeckOf52Cards.csproj", "{BCB66704-4932-4757-997F-CDC9DA6F1704}"
EndProject
Project("{FAE04EC0-301F-11D3-BF4B-00C04F79EFBC}") = "0605.Calculating", "0605.Calculating\0605.Calculating.csproj", "{104EFDFA-0B34-4184-89C9-938F88CC09CE}"
EndProject
Project("{FAE04EC0-301F-11D3-BF4B-00C04F79EFBC}") = "0622.Arrow", "0622.Arrow\0622.Arrow.csproj", "{AF2A61B6-344A-4628-8141-AFA4CE494DA7}"
EndProject
Project("{FAE04EC0-301F-11D3-BF4B-00C04F79EFBC}") = "0799.HomeworkAdvancedTopics", "0799.HomeworkAdvancedTopics\0799.HomeworkAdvancedTopics.csproj", "{133F1B32-34F7-4220-9F55-76B247D3DC2B}"
EndProject
Global
	GlobalSection(SolutionConfigurationPlatforms) = preSolution
		Debug|Any CPU = Debug|Any CPU
		Release|Any CPU = Release|Any CPU
	EndGlobalSection
	GlobalSection(ProjectConfigurationPlatforms) = postSolution
		{AE66FDC2-8EB9-45BE-985B-B73D4214EE0A}.Debug|Any CPU.ActiveCfg = Debug|Any CPU
		{AE66FDC2-8EB9-45BE-985B-B73D4214EE0A}.Debug|Any CPU.Build.0 = Debug|Any CPU
		{AE66FDC2-8EB9-45BE-985B-B73D4214EE0A}.Release|Any CPU.ActiveCfg = Release|Any CPU
		{AE66FDC2-8EB9-45BE-985B-B73D4214EE0A}.Release|Any CPU.Build.0 = Release|Any CPU
		{91146849-44E4-4665-8E33-2CFEC985EAA6}.Debug|Any CPU.ActiveCfg = Debug|Any CPU
		{91146849-44E4-4665-8E33-2CFEC985EAA6}.Debug|Any CPU.Build.0 = Debug|Any CPU
		{91146849-44E4-4665-8E33-2CFEC985EAA6}.Release|Any CPU.ActiveCfg = Release|Any CPU
		{91146849-44E4-4665-8E33-2CFEC985EAA6}.Release|Any CPU.Build.0 = Release|Any CPU
		{659A14AA-25F1-4E74-B9DA-DAFCDE1312B1}.Debug|Any CPU.ActiveCfg = Debug|Any CPU
		{659A14AA-25F1-4E74-B9DA-DAFCDE1312B1}.Debug|Any CPU.Build.0 = Debug|Any CPU
		{659A14AA-25F1-4E74-B9DA-DAFCDE1312B1}.Release|Any CPU.ActiveCfg = Release|Any CPU
		{659A14AA-25F1-4E74-B9DA-DAFCDE1312B1}.Release|Any CPU.Build.0 = Release|Any CPU
		{4C9E7D27-A85F-4B71-A10D-635BC55FE05A}.Debug|Any CPU.ActiveCfg = Debug|Any CPU
		{4C9E7D27-A85F-4B71-A10D-635BC55FE05A}.Debug|Any CPU.Build.0 = Debug|Any CPU
		{4C9E7D27-A85F-4B71-A10D-635BC55FE05A}.Release|Any CPU.ActiveCfg = Release|Any CPU
		{4C9E7D27-A85F-4B71-A10D-635BC55FE05A}.Release|Any CPU.Build.0 = Release|Any CPU
		{666F3457-AFA7-484E-8B8A-935D36F14102}.Debug|Any CPU.ActiveCfg = Debug|Any CPU
		{666F3457-AFA7-484E-8B8A-935D36F14102}.Debug|Any CPU.Build.0 = Debug|Any CPU
		{666F3457-AFA7-484E-8B8A-935D36F14102}.Release|Any CPU.ActiveCfg = Release|Any CPU
		{666F3457-AFA7-484E-8B8A-935D36F14102}.Release|Any CPU.Build.0 = Release|Any CPU
		{2C21BEB0-F3CB-4992-8D3D-00F4BA24FB9D}.Debug|Any CPU.ActiveCfg = Debug|Any CPU
		{2C21BEB0-F3CB-4992-8D3D-00F4BA24FB9D}.Debug|Any CPU.Build.0 = Debug|Any CPU
		{2C21BEB0-F3CB-4992-8D3D-00F4BA24FB9D}.Release|Any CPU.ActiveCfg = Release|Any CPU
		{2C21BEB0-F3CB-4992-8D3D-00F4BA24FB9D}.Release|Any CPU.Build.0 = Release|Any CPU
		{5E14CB69-1F55-4779-BB25-D023C801EC77}.Debug|Any CPU.ActiveCfg = Debug|Any CPU
		{5E14CB69-1F55-4779-BB25-D023C801EC77}.Debug|Any CPU.Build.0 = Debug|Any CPU
		{5E14CB69-1F55-4779-BB25-D023C801EC77}.Release|Any CPU.ActiveCfg = Release|Any CPU
		{5E14CB69-1F55-4779-BB25-D023C801EC77}.Release|Any CPU.Build.0 = Release|Any CPU
		{0E8E3260-F0E8-4D2A-8EA1-44995E0FF50E}.Debug|Any CPU.ActiveCfg = Debug|Any CPU
		{0E8E3260-F0E8-4D2A-8EA1-44995E0FF50E}.Debug|Any CPU.Build.0 = Debug|Any CPU
		{0E8E3260-F0E8-4D2A-8EA1-44995E0FF50E}.Release|Any CPU.ActiveCfg = Release|Any CPU
		{0E8E3260-F0E8-4D2A-8EA1-44995E0FF50E}.Release|Any CPU.Build.0 = Release|Any CPU
		{9BD08012-962D-4607-9C73-BD01894E7E1F}.Debug|Any CPU.ActiveCfg = Debug|Any CPU
		{9BD08012-962D-4607-9C73-BD01894E7E1F}.Debug|Any CPU.Build.0 = Debug|Any CPU
		{9BD08012-962D-4607-9C73-BD01894E7E1F}.Release|Any CPU.ActiveCfg = Release|Any CPU
		{9BD08012-962D-4607-9C73-BD01894E7E1F}.Release|Any CPU.Build.0 = Release|Any CPU
		{3D1434F9-FDFA-42CC-A864-BC48FDC87104}.Debug|Any CPU.ActiveCfg = Debug|Any CPU
		{3D1434F9-FDFA-42CC-A864-BC48FDC87104}.Debug|Any CPU.Build.0 = Debug|Any CPU
		{3D1434F9-FDFA-42CC-A864-BC48FDC87104}.Release|Any CPU.ActiveCfg = Release|Any CPU
		{3D1434F9-FDFA-42CC-A864-BC48FDC87104}.Release|Any CPU.Build.0 = Release|Any CPU
		{597A8D8F-54D9-49A0-9CAE-1D8A44B31C04}.Debug|Any CPU.ActiveCfg = Debug|Any CPU
		{597A8D8F-54D9-49A0-9CAE-1D8A44B31C04}.Debug|Any CPU.Build.0 = Debug|Any CPU
		{597A8D8F-54D9-49A0-9CAE-1D8A44B31C04}.Release|Any CPU.ActiveCfg = Release|Any CPU
		{597A8D8F-54D9-49A0-9CAE-1D8A44B31C04}.Release|Any CPU.Build.0 = Release|Any CPU
		{63976BC6-E290-4AD5-99FB-B51164A75AB0}.Debug|Any CPU.ActiveCfg = Debug|Any CPU
		{63976BC6-E290-4AD5-99FB-B51164A75AB0}.Debug|Any CPU.Build.0 = Debug|Any CPU
		{63976BC6-E290-4AD5-99FB-B51164A75AB0}.Release|Any CPU.ActiveCfg = Release|Any CPU
		{63976BC6-E290-4AD5-99FB-B51164A75AB0}.Release|Any CPU.Build.0 = Release|Any CPU
		{193BE82C-F0AC-4004-A9A6-6AD68F55BADF}.Debug|Any CPU.ActiveCfg = Debug|Any CPU
		{193BE82C-F0AC-4004-A9A6-6AD68F55BADF}.Debug|Any CPU.Build.0 = Debug|Any CPU
		{193BE82C-F0AC-4004-A9A6-6AD68F55BADF}.Release|Any CPU.ActiveCfg = Release|Any CPU
		{193BE82C-F0AC-4004-A9A6-6AD68F55BADF}.Release|Any CPU.Build.0 = Release|Any CPU
		{6E56EBAE-0E00-480D-ABE0-DBE30AC2DCC4}.Debug|Any CPU.ActiveCfg = Debug|Any CPU
		{6E56EBAE-0E00-480D-ABE0-DBE30AC2DCC4}.Debug|Any CPU.Build.0 = Debug|Any CPU
		{6E56EBAE-0E00-480D-ABE0-DBE30AC2DCC4}.Release|Any CPU.ActiveCfg = Release|Any CPU
		{6E56EBAE-0E00-480D-ABE0-DBE30AC2DCC4}.Release|Any CPU.Build.0 = Release|Any CPU
		{855B8305-A9B0-4ECA-8AE7-D80731C0C219}.Debug|Any CPU.ActiveCfg = Debug|Any CPU
		{855B8305-A9B0-4ECA-8AE7-D80731C0C219}.Debug|Any CPU.Build.0 = Debug|Any CPU
		{855B8305-A9B0-4ECA-8AE7-D80731C0C219}.Release|Any CPU.ActiveCfg = Release|Any CPU
		{855B8305-A9B0-4ECA-8AE7-D80731C0C219}.Release|Any CPU.Build.0 = Release|Any CPU
		{46FCAA6A-B63E-4D9F-A388-E9621C465B87}.Debug|Any CPU.ActiveCfg = Debug|Any CPU
		{46FCAA6A-B63E-4D9F-A388-E9621C465B87}.Debug|Any CPU.Build.0 = Debug|Any CPU
		{46FCAA6A-B63E-4D9F-A388-E9621C465B87}.Release|Any CPU.ActiveCfg = Release|Any CPU
		{46FCAA6A-B63E-4D9F-A388-E9621C465B87}.Release|Any CPU.Build.0 = Release|Any CPU
		{DE0249A0-534F-48F8-9C5A-3D2C284D63F0}.Debug|Any CPU.ActiveCfg = Debug|Any CPU
		{DE0249A0-534F-48F8-9C5A-3D2C284D63F0}.Debug|Any CPU.Build.0 = Debug|Any CPU
		{DE0249A0-534F-48F8-9C5A-3D2C284D63F0}.Release|Any CPU.ActiveCfg = Release|Any CPU
		{DE0249A0-534F-48F8-9C5A-3D2C284D63F0}.Release|Any CPU.Build.0 = Release|Any CPU
		{1FEF216B-FD27-4615-B534-19098D49E03C}.Debug|Any CPU.ActiveCfg = Debug|Any CPU
		{1FEF216B-FD27-4615-B534-19098D49E03C}.Debug|Any CPU.Build.0 = Debug|Any CPU
		{1FEF216B-FD27-4615-B534-19098D49E03C}.Release|Any CPU.ActiveCfg = Release|Any CPU
		{1FEF216B-FD27-4615-B534-19098D49E03C}.Release|Any CPU.Build.0 = Release|Any CPU
		{1A3D3EAA-DC53-452A-9C60-B1BD6B4756AA}.Debug|Any CPU.ActiveCfg = Debug|Any CPU
		{1A3D3EAA-DC53-452A-9C60-B1BD6B4756AA}.Debug|Any CPU.Build.0 = Debug|Any CPU
		{1A3D3EAA-DC53-452A-9C60-B1BD6B4756AA}.Release|Any CPU.ActiveCfg = Release|Any CPU
		{1A3D3EAA-DC53-452A-9C60-B1BD6B4756AA}.Release|Any CPU.Build.0 = Release|Any CPU
		{F9BC1EB1-3898-4C99-93D2-040485AD7509}.Debug|Any CPU.ActiveCfg = Debug|Any CPU
		{F9BC1EB1-3898-4C99-93D2-040485AD7509}.Debug|Any CPU.Build.0 = Debug|Any CPU
		{F9BC1EB1-3898-4C99-93D2-040485AD7509}.Release|Any CPU.ActiveCfg = Release|Any CPU
		{F9BC1EB1-3898-4C99-93D2-040485AD7509}.Release|Any CPU.Build.0 = Release|Any CPU
		{124799A2-71DA-4B15-9C2E-D478931FBC6D}.Debug|Any CPU.ActiveCfg = Debug|Any CPU
		{124799A2-71DA-4B15-9C2E-D478931FBC6D}.Debug|Any CPU.Build.0 = Debug|Any CPU
		{124799A2-71DA-4B15-9C2E-D478931FBC6D}.Release|Any CPU.ActiveCfg = Release|Any CPU
		{124799A2-71DA-4B15-9C2E-D478931FBC6D}.Release|Any CPU.Build.0 = Release|Any CPU
		{3CFA13FC-4426-424C-B6C4-DE71E6F22E65}.Debug|Any CPU.ActiveCfg = Debug|Any CPU
		{3CFA13FC-4426-424C-B6C4-DE71E6F22E65}.Debug|Any CPU.Build.0 = Debug|Any CPU
		{3CFA13FC-4426-424C-B6C4-DE71E6F22E65}.Release|Any CPU.ActiveCfg = Release|Any CPU
		{3CFA13FC-4426-424C-B6C4-DE71E6F22E65}.Release|Any CPU.Build.0 = Release|Any CPU
		{7097DEDE-648F-4193-B381-1F84FFC18C0B}.Debug|Any CPU.ActiveCfg = Debug|Any CPU
		{7097DEDE-648F-4193-B381-1F84FFC18C0B}.Debug|Any CPU.Build.0 = Debug|Any CPU
		{7097DEDE-648F-4193-B381-1F84FFC18C0B}.Release|Any CPU.ActiveCfg = Release|Any CPU
		{7097DEDE-648F-4193-B381-1F84FFC18C0B}.Release|Any CPU.Build.0 = Release|Any CPU
		{A19D1979-7F9B-41DF-B256-26BF2C61F461}.Debug|Any CPU.ActiveCfg = Debug|Any CPU
		{A19D1979-7F9B-41DF-B256-26BF2C61F461}.Debug|Any CPU.Build.0 = Debug|Any CPU
		{A19D1979-7F9B-41DF-B256-26BF2C61F461}.Release|Any CPU.ActiveCfg = Release|Any CPU
		{A19D1979-7F9B-41DF-B256-26BF2C61F461}.Release|Any CPU.Build.0 = Release|Any CPU
		{8781BCA3-4FCB-4045-B997-96FF35DB4A61}.Debug|Any CPU.ActiveCfg = Debug|Any CPU
		{8781BCA3-4FCB-4045-B997-96FF35DB4A61}.Debug|Any CPU.Build.0 = Debug|Any CPU
		{8781BCA3-4FCB-4045-B997-96FF35DB4A61}.Release|Any CPU.ActiveCfg = Release|Any CPU
		{8781BCA3-4FCB-4045-B997-96FF35DB4A61}.Release|Any CPU.Build.0 = Release|Any CPU
		{A3369D54-B6C0-47C7-9D47-5D7139D9957D}.Debug|Any CPU.ActiveCfg = Debug|Any CPU
		{A3369D54-B6C0-47C7-9D47-5D7139D9957D}.Debug|Any CPU.Build.0 = Debug|Any CPU
		{A3369D54-B6C0-47C7-9D47-5D7139D9957D}.Release|Any CPU.ActiveCfg = Release|Any CPU
		{A3369D54-B6C0-47C7-9D47-5D7139D9957D}.Release|Any CPU.Build.0 = Release|Any CPU
		{EBF39F94-F6B4-4981-A1B4-904B456D4761}.Debug|Any CPU.ActiveCfg = Debug|Any CPU
		{EBF39F94-F6B4-4981-A1B4-904B456D4761}.Debug|Any CPU.Build.0 = Debug|Any CPU
		{EBF39F94-F6B4-4981-A1B4-904B456D4761}.Release|Any CPU.ActiveCfg = Release|Any CPU
		{EBF39F94-F6B4-4981-A1B4-904B456D4761}.Release|Any CPU.Build.0 = Release|Any CPU
		{59050307-8DF6-440D-9556-4F34C92C173A}.Debug|Any CPU.ActiveCfg = Debug|Any CPU
		{59050307-8DF6-440D-9556-4F34C92C173A}.Debug|Any CPU.Build.0 = Debug|Any CPU
		{59050307-8DF6-440D-9556-4F34C92C173A}.Release|Any CPU.ActiveCfg = Release|Any CPU
		{59050307-8DF6-440D-9556-4F34C92C173A}.Release|Any CPU.Build.0 = Release|Any CPU
		{A87D3CB2-9A60-4740-AC0A-51BBFF619FBF}.Debug|Any CPU.ActiveCfg = Debug|Any CPU
		{A87D3CB2-9A60-4740-AC0A-51BBFF619FBF}.Debug|Any CPU.Build.0 = Debug|Any CPU
		{A87D3CB2-9A60-4740-AC0A-51BBFF619FBF}.Release|Any CPU.ActiveCfg = Release|Any CPU
		{A87D3CB2-9A60-4740-AC0A-51BBFF619FBF}.Release|Any CPU.Build.0 = Release|Any CPU
		{438D2B90-80BB-40B0-885A-D94FB0E7FAF9}.Debug|Any CPU.ActiveCfg = Debug|Any CPU
		{438D2B90-80BB-40B0-885A-D94FB0E7FAF9}.Debug|Any CPU.Build.0 = Debug|Any CPU
		{438D2B90-80BB-40B0-885A-D94FB0E7FAF9}.Release|Any CPU.ActiveCfg = Release|Any CPU
		{438D2B90-80BB-40B0-885A-D94FB0E7FAF9}.Release|Any CPU.Build.0 = Release|Any CPU
		{AAE3D47F-8BE3-43C0-B2C0-B2D51F74DCEF}.Debug|Any CPU.ActiveCfg = Debug|Any CPU
		{AAE3D47F-8BE3-43C0-B2C0-B2D51F74DCEF}.Debug|Any CPU.Build.0 = Debug|Any CPU
		{AAE3D47F-8BE3-43C0-B2C0-B2D51F74DCEF}.Release|Any CPU.ActiveCfg = Release|Any CPU
		{AAE3D47F-8BE3-43C0-B2C0-B2D51F74DCEF}.Release|Any CPU.Build.0 = Release|Any CPU
		{70D6569C-1116-4B88-8FD1-83ECF2B1512B}.Debug|Any CPU.ActiveCfg = Debug|Any CPU
		{70D6569C-1116-4B88-8FD1-83ECF2B1512B}.Debug|Any CPU.Build.0 = Debug|Any CPU
		{70D6569C-1116-4B88-8FD1-83ECF2B1512B}.Release|Any CPU.ActiveCfg = Release|Any CPU
		{70D6569C-1116-4B88-8FD1-83ECF2B1512B}.Release|Any CPU.Build.0 = Release|Any CPU
		{5F6DB8B1-9415-470D-9E0C-78A840F01AA6}.Debug|Any CPU.ActiveCfg = Debug|Any CPU
		{5F6DB8B1-9415-470D-9E0C-78A840F01AA6}.Debug|Any CPU.Build.0 = Debug|Any CPU
		{5F6DB8B1-9415-470D-9E0C-78A840F01AA6}.Release|Any CPU.ActiveCfg = Release|Any CPU
		{5F6DB8B1-9415-470D-9E0C-78A840F01AA6}.Release|Any CPU.Build.0 = Release|Any CPU
		{CE678BB4-A997-429B-B3CB-6F86F15F4C1E}.Debug|Any CPU.ActiveCfg = Debug|Any CPU
		{CE678BB4-A997-429B-B3CB-6F86F15F4C1E}.Debug|Any CPU.Build.0 = Debug|Any CPU
		{CE678BB4-A997-429B-B3CB-6F86F15F4C1E}.Release|Any CPU.ActiveCfg = Release|Any CPU
		{CE678BB4-A997-429B-B3CB-6F86F15F4C1E}.Release|Any CPU.Build.0 = Release|Any CPU
		{F171C4D6-3B2F-457A-9D54-6E5755E5FFF0}.Debug|Any CPU.ActiveCfg = Debug|Any CPU
		{F171C4D6-3B2F-457A-9D54-6E5755E5FFF0}.Debug|Any CPU.Build.0 = Debug|Any CPU
		{F171C4D6-3B2F-457A-9D54-6E5755E5FFF0}.Release|Any CPU.ActiveCfg = Release|Any CPU
		{F171C4D6-3B2F-457A-9D54-6E5755E5FFF0}.Release|Any CPU.Build.0 = Release|Any CPU
		{76CEFF0B-80D3-4215-83FD-CC401080E657}.Debug|Any CPU.ActiveCfg = Debug|Any CPU
		{76CEFF0B-80D3-4215-83FD-CC401080E657}.Debug|Any CPU.Build.0 = Debug|Any CPU
		{76CEFF0B-80D3-4215-83FD-CC401080E657}.Release|Any CPU.ActiveCfg = Release|Any CPU
		{76CEFF0B-80D3-4215-83FD-CC401080E657}.Release|Any CPU.Build.0 = Release|Any CPU
		{9F5F1238-F159-4FB1-A423-DA99FB01D028}.Debug|Any CPU.ActiveCfg = Debug|Any CPU
		{9F5F1238-F159-4FB1-A423-DA99FB01D028}.Debug|Any CPU.Build.0 = Debug|Any CPU
		{9F5F1238-F159-4FB1-A423-DA99FB01D028}.Release|Any CPU.ActiveCfg = Release|Any CPU
		{9F5F1238-F159-4FB1-A423-DA99FB01D028}.Release|Any CPU.Build.0 = Release|Any CPU
		{5EB41500-555C-4FB4-BD47-10610DF13767}.Debug|Any CPU.ActiveCfg = Debug|Any CPU
		{5EB41500-555C-4FB4-BD47-10610DF13767}.Debug|Any CPU.Build.0 = Debug|Any CPU
		{5EB41500-555C-4FB4-BD47-10610DF13767}.Release|Any CPU.ActiveCfg = Release|Any CPU
		{5EB41500-555C-4FB4-BD47-10610DF13767}.Release|Any CPU.Build.0 = Release|Any CPU
		{5D2F3486-AD09-40C5-A483-905ABEB6141E}.Debug|Any CPU.ActiveCfg = Debug|Any CPU
		{5D2F3486-AD09-40C5-A483-905ABEB6141E}.Debug|Any CPU.Build.0 = Debug|Any CPU
		{5D2F3486-AD09-40C5-A483-905ABEB6141E}.Release|Any CPU.ActiveCfg = Release|Any CPU
		{5D2F3486-AD09-40C5-A483-905ABEB6141E}.Release|Any CPU.Build.0 = Release|Any CPU
		{3E8214B4-7754-4895-BFB2-9F5B794826E6}.Debug|Any CPU.ActiveCfg = Debug|Any CPU
		{3E8214B4-7754-4895-BFB2-9F5B794826E6}.Debug|Any CPU.Build.0 = Debug|Any CPU
		{3E8214B4-7754-4895-BFB2-9F5B794826E6}.Release|Any CPU.ActiveCfg = Release|Any CPU
		{3E8214B4-7754-4895-BFB2-9F5B794826E6}.Release|Any CPU.Build.0 = Release|Any CPU
		{3FB5668C-5BD7-4B41-A865-955FD90DD61E}.Debug|Any CPU.ActiveCfg = Debug|Any CPU
		{3FB5668C-5BD7-4B41-A865-955FD90DD61E}.Debug|Any CPU.Build.0 = Debug|Any CPU
		{3FB5668C-5BD7-4B41-A865-955FD90DD61E}.Release|Any CPU.ActiveCfg = Release|Any CPU
		{3FB5668C-5BD7-4B41-A865-955FD90DD61E}.Release|Any CPU.Build.0 = Release|Any CPU
		{A1AB70ED-741B-44C2-83DD-DD001045AEA7}.Debug|Any CPU.ActiveCfg = Debug|Any CPU
		{A1AB70ED-741B-44C2-83DD-DD001045AEA7}.Debug|Any CPU.Build.0 = Debug|Any CPU
		{A1AB70ED-741B-44C2-83DD-DD001045AEA7}.Release|Any CPU.ActiveCfg = Release|Any CPU
		{A1AB70ED-741B-44C2-83DD-DD001045AEA7}.Release|Any CPU.Build.0 = Release|Any CPU
		{C003476E-0D44-48E9-9589-88A04CA52449}.Debug|Any CPU.ActiveCfg = Debug|Any CPU
		{C003476E-0D44-48E9-9589-88A04CA52449}.Debug|Any CPU.Build.0 = Debug|Any CPU
		{C003476E-0D44-48E9-9589-88A04CA52449}.Release|Any CPU.ActiveCfg = Release|Any CPU
		{C003476E-0D44-48E9-9589-88A04CA52449}.Release|Any CPU.Build.0 = Release|Any CPU
		{F3429DF7-94B4-4A92-9CA2-E429B1344E99}.Debug|Any CPU.ActiveCfg = Debug|Any CPU
		{F3429DF7-94B4-4A92-9CA2-E429B1344E99}.Debug|Any CPU.Build.0 = Debug|Any CPU
		{F3429DF7-94B4-4A92-9CA2-E429B1344E99}.Release|Any CPU.ActiveCfg = Release|Any CPU
		{F3429DF7-94B4-4A92-9CA2-E429B1344E99}.Release|Any CPU.Build.0 = Release|Any CPU
		{54C3FAA1-9D5D-4291-AD83-8627D480611B}.Debug|Any CPU.ActiveCfg = Debug|Any CPU
		{54C3FAA1-9D5D-4291-AD83-8627D480611B}.Debug|Any CPU.Build.0 = Debug|Any CPU
		{54C3FAA1-9D5D-4291-AD83-8627D480611B}.Release|Any CPU.ActiveCfg = Release|Any CPU
		{54C3FAA1-9D5D-4291-AD83-8627D480611B}.Release|Any CPU.Build.0 = Release|Any CPU
		{B6CF62AC-3306-4E6F-800E-24055FE7487E}.Debug|Any CPU.ActiveCfg = Debug|Any CPU
		{B6CF62AC-3306-4E6F-800E-24055FE7487E}.Debug|Any CPU.Build.0 = Debug|Any CPU
		{B6CF62AC-3306-4E6F-800E-24055FE7487E}.Release|Any CPU.ActiveCfg = Release|Any CPU
		{B6CF62AC-3306-4E6F-800E-24055FE7487E}.Release|Any CPU.Build.0 = Release|Any CPU
		{0B822E9D-ED9C-4302-A663-4C31BE598794}.Debug|Any CPU.ActiveCfg = Debug|Any CPU
		{0B822E9D-ED9C-4302-A663-4C31BE598794}.Debug|Any CPU.Build.0 = Debug|Any CPU
		{0B822E9D-ED9C-4302-A663-4C31BE598794}.Release|Any CPU.ActiveCfg = Release|Any CPU
		{0B822E9D-ED9C-4302-A663-4C31BE598794}.Release|Any CPU.Build.0 = Release|Any CPU
		{84F2051C-6FB4-46FD-B633-FCA6A513D32A}.Debug|Any CPU.ActiveCfg = Debug|Any CPU
		{84F2051C-6FB4-46FD-B633-FCA6A513D32A}.Debug|Any CPU.Build.0 = Debug|Any CPU
		{84F2051C-6FB4-46FD-B633-FCA6A513D32A}.Release|Any CPU.ActiveCfg = Release|Any CPU
		{84F2051C-6FB4-46FD-B633-FCA6A513D32A}.Release|Any CPU.Build.0 = Release|Any CPU
		{0E56A9DC-DE4C-49B0-A829-EE1C9313C624}.Debug|Any CPU.ActiveCfg = Debug|Any CPU
		{0E56A9DC-DE4C-49B0-A829-EE1C9313C624}.Debug|Any CPU.Build.0 = Debug|Any CPU
		{0E56A9DC-DE4C-49B0-A829-EE1C9313C624}.Release|Any CPU.ActiveCfg = Release|Any CPU
		{0E56A9DC-DE4C-49B0-A829-EE1C9313C624}.Release|Any CPU.Build.0 = Release|Any CPU
		{6098D35E-9FEE-47BF-B0D9-D7AE1FB9A1C4}.Debug|Any CPU.ActiveCfg = Debug|Any CPU
		{6098D35E-9FEE-47BF-B0D9-D7AE1FB9A1C4}.Debug|Any CPU.Build.0 = Debug|Any CPU
		{6098D35E-9FEE-47BF-B0D9-D7AE1FB9A1C4}.Release|Any CPU.ActiveCfg = Release|Any CPU
		{6098D35E-9FEE-47BF-B0D9-D7AE1FB9A1C4}.Release|Any CPU.Build.0 = Release|Any CPU
		{9940E48E-8829-4AC2-AF27-748B0885650C}.Debug|Any CPU.ActiveCfg = Debug|Any CPU
		{9940E48E-8829-4AC2-AF27-748B0885650C}.Debug|Any CPU.Build.0 = Debug|Any CPU
		{9940E48E-8829-4AC2-AF27-748B0885650C}.Release|Any CPU.ActiveCfg = Release|Any CPU
		{9940E48E-8829-4AC2-AF27-748B0885650C}.Release|Any CPU.Build.0 = Release|Any CPU
		{DA36FF15-697B-467B-AB57-4BC224281C39}.Debug|Any CPU.ActiveCfg = Debug|Any CPU
		{DA36FF15-697B-467B-AB57-4BC224281C39}.Debug|Any CPU.Build.0 = Debug|Any CPU
		{DA36FF15-697B-467B-AB57-4BC224281C39}.Release|Any CPU.ActiveCfg = Release|Any CPU
		{DA36FF15-697B-467B-AB57-4BC224281C39}.Release|Any CPU.Build.0 = Release|Any CPU
		{BC704AB7-DC5E-4702-8954-A1AD1D5D185B}.Debug|Any CPU.ActiveCfg = Debug|Any CPU
		{BC704AB7-DC5E-4702-8954-A1AD1D5D185B}.Debug|Any CPU.Build.0 = Debug|Any CPU
		{BC704AB7-DC5E-4702-8954-A1AD1D5D185B}.Release|Any CPU.ActiveCfg = Release|Any CPU
		{BC704AB7-DC5E-4702-8954-A1AD1D5D185B}.Release|Any CPU.Build.0 = Release|Any CPU
		{DD3BF41A-527F-429B-99D7-56545BE005F9}.Debug|Any CPU.ActiveCfg = Debug|Any CPU
		{DD3BF41A-527F-429B-99D7-56545BE005F9}.Debug|Any CPU.Build.0 = Debug|Any CPU
		{DD3BF41A-527F-429B-99D7-56545BE005F9}.Release|Any CPU.ActiveCfg = Release|Any CPU
		{DD3BF41A-527F-429B-99D7-56545BE005F9}.Release|Any CPU.Build.0 = Release|Any CPU
		{B45261EB-DC42-48B6-91EF-0673FF4D98DB}.Debug|Any CPU.ActiveCfg = Debug|Any CPU
		{B45261EB-DC42-48B6-91EF-0673FF4D98DB}.Debug|Any CPU.Build.0 = Debug|Any CPU
		{B45261EB-DC42-48B6-91EF-0673FF4D98DB}.Release|Any CPU.ActiveCfg = Release|Any CPU
		{B45261EB-DC42-48B6-91EF-0673FF4D98DB}.Release|Any CPU.Build.0 = Release|Any CPU
		{59D2F39B-59ED-4B40-B4AB-39ECD20249E8}.Debug|Any CPU.ActiveCfg = Debug|Any CPU
		{59D2F39B-59ED-4B40-B4AB-39ECD20249E8}.Debug|Any CPU.Build.0 = Debug|Any CPU
		{59D2F39B-59ED-4B40-B4AB-39ECD20249E8}.Release|Any CPU.ActiveCfg = Release|Any CPU
		{59D2F39B-59ED-4B40-B4AB-39ECD20249E8}.Release|Any CPU.Build.0 = Release|Any CPU
		{11A03D12-0DB5-4122-955A-20F26C3AE260}.Debug|Any CPU.ActiveCfg = Debug|Any CPU
		{11A03D12-0DB5-4122-955A-20F26C3AE260}.Debug|Any CPU.Build.0 = Debug|Any CPU
		{11A03D12-0DB5-4122-955A-20F26C3AE260}.Release|Any CPU.ActiveCfg = Release|Any CPU
		{11A03D12-0DB5-4122-955A-20F26C3AE260}.Release|Any CPU.Build.0 = Release|Any CPU
		{975C8EF7-7474-4612-9B81-A5FAC209FE59}.Debug|Any CPU.ActiveCfg = Debug|Any CPU
		{975C8EF7-7474-4612-9B81-A5FAC209FE59}.Debug|Any CPU.Build.0 = Debug|Any CPU
		{975C8EF7-7474-4612-9B81-A5FAC209FE59}.Release|Any CPU.ActiveCfg = Release|Any CPU
		{975C8EF7-7474-4612-9B81-A5FAC209FE59}.Release|Any CPU.Build.0 = Release|Any CPU
		{DC654E57-9226-4CE4-814E-2F6E86DCF989}.Debug|Any CPU.ActiveCfg = Debug|Any CPU
		{DC654E57-9226-4CE4-814E-2F6E86DCF989}.Debug|Any CPU.Build.0 = Debug|Any CPU
		{DC654E57-9226-4CE4-814E-2F6E86DCF989}.Release|Any CPU.ActiveCfg = Release|Any CPU
		{DC654E57-9226-4CE4-814E-2F6E86DCF989}.Release|Any CPU.Build.0 = Release|Any CPU
		{279E3560-253B-4CB6-AEFB-CA9BB05CE6CD}.Debug|Any CPU.ActiveCfg = Debug|Any CPU
		{279E3560-253B-4CB6-AEFB-CA9BB05CE6CD}.Debug|Any CPU.Build.0 = Debug|Any CPU
		{279E3560-253B-4CB6-AEFB-CA9BB05CE6CD}.Release|Any CPU.ActiveCfg = Release|Any CPU
		{279E3560-253B-4CB6-AEFB-CA9BB05CE6CD}.Release|Any CPU.Build.0 = Release|Any CPU
		{8950213E-32F6-4F2D-AF3C-ECF7EC913A82}.Debug|Any CPU.ActiveCfg = Debug|Any CPU
		{8950213E-32F6-4F2D-AF3C-ECF7EC913A82}.Debug|Any CPU.Build.0 = Debug|Any CPU
		{8950213E-32F6-4F2D-AF3C-ECF7EC913A82}.Release|Any CPU.ActiveCfg = Release|Any CPU
		{8950213E-32F6-4F2D-AF3C-ECF7EC913A82}.Release|Any CPU.Build.0 = Release|Any CPU
		{A151B480-359A-45C6-BE31-B792DB6BA799}.Debug|Any CPU.ActiveCfg = Debug|Any CPU
		{A151B480-359A-45C6-BE31-B792DB6BA799}.Debug|Any CPU.Build.0 = Debug|Any CPU
		{A151B480-359A-45C6-BE31-B792DB6BA799}.Release|Any CPU.ActiveCfg = Release|Any CPU
		{A151B480-359A-45C6-BE31-B792DB6BA799}.Release|Any CPU.Build.0 = Release|Any CPU
		{4260973E-5CAF-4F99-A513-2F8386D6F545}.Debug|Any CPU.ActiveCfg = Debug|Any CPU
		{4260973E-5CAF-4F99-A513-2F8386D6F545}.Debug|Any CPU.Build.0 = Debug|Any CPU
		{4260973E-5CAF-4F99-A513-2F8386D6F545}.Release|Any CPU.ActiveCfg = Release|Any CPU
		{4260973E-5CAF-4F99-A513-2F8386D6F545}.Release|Any CPU.Build.0 = Release|Any CPU
		{178C3DA1-D9E0-437D-A741-65EA4AFA2583}.Debug|Any CPU.ActiveCfg = Debug|Any CPU
		{178C3DA1-D9E0-437D-A741-65EA4AFA2583}.Debug|Any CPU.Build.0 = Debug|Any CPU
		{178C3DA1-D9E0-437D-A741-65EA4AFA2583}.Release|Any CPU.ActiveCfg = Release|Any CPU
		{178C3DA1-D9E0-437D-A741-65EA4AFA2583}.Release|Any CPU.Build.0 = Release|Any CPU
		{1BDFB0A5-CF06-4A04-ACF1-936720B5CC52}.Debug|Any CPU.ActiveCfg = Debug|Any CPU
		{1BDFB0A5-CF06-4A04-ACF1-936720B5CC52}.Debug|Any CPU.Build.0 = Debug|Any CPU
		{1BDFB0A5-CF06-4A04-ACF1-936720B5CC52}.Release|Any CPU.ActiveCfg = Release|Any CPU
		{1BDFB0A5-CF06-4A04-ACF1-936720B5CC52}.Release|Any CPU.Build.0 = Release|Any CPU
		{3EBAD2E3-7877-4402-807B-6C1E1D423516}.Debug|Any CPU.ActiveCfg = Debug|Any CPU
		{3EBAD2E3-7877-4402-807B-6C1E1D423516}.Debug|Any CPU.Build.0 = Debug|Any CPU
		{3EBAD2E3-7877-4402-807B-6C1E1D423516}.Release|Any CPU.ActiveCfg = Release|Any CPU
		{3EBAD2E3-7877-4402-807B-6C1E1D423516}.Release|Any CPU.Build.0 = Release|Any CPU
		{72F1974F-9ED1-45B3-A3C5-E177A471DAA0}.Debug|Any CPU.ActiveCfg = Debug|Any CPU
		{72F1974F-9ED1-45B3-A3C5-E177A471DAA0}.Debug|Any CPU.Build.0 = Debug|Any CPU
		{72F1974F-9ED1-45B3-A3C5-E177A471DAA0}.Release|Any CPU.ActiveCfg = Release|Any CPU
		{72F1974F-9ED1-45B3-A3C5-E177A471DAA0}.Release|Any CPU.Build.0 = Release|Any CPU
		{6FBD07A7-CE9F-4F77-B8B8-CC3BCC314E12}.Debug|Any CPU.ActiveCfg = Debug|Any CPU
		{6FBD07A7-CE9F-4F77-B8B8-CC3BCC314E12}.Debug|Any CPU.Build.0 = Debug|Any CPU
		{6FBD07A7-CE9F-4F77-B8B8-CC3BCC314E12}.Release|Any CPU.ActiveCfg = Release|Any CPU
		{6FBD07A7-CE9F-4F77-B8B8-CC3BCC314E12}.Release|Any CPU.Build.0 = Release|Any CPU
		{A5B0E963-47E9-4F5E-948A-6B0FBDF774E0}.Debug|Any CPU.ActiveCfg = Debug|Any CPU
		{A5B0E963-47E9-4F5E-948A-6B0FBDF774E0}.Debug|Any CPU.Build.0 = Debug|Any CPU
		{A5B0E963-47E9-4F5E-948A-6B0FBDF774E0}.Release|Any CPU.ActiveCfg = Release|Any CPU
		{A5B0E963-47E9-4F5E-948A-6B0FBDF774E0}.Release|Any CPU.Build.0 = Release|Any CPU
		{BEA31CB9-278C-4BB2-828F-EF629C015F2C}.Debug|Any CPU.ActiveCfg = Debug|Any CPU
		{BEA31CB9-278C-4BB2-828F-EF629C015F2C}.Debug|Any CPU.Build.0 = Debug|Any CPU
		{BEA31CB9-278C-4BB2-828F-EF629C015F2C}.Release|Any CPU.ActiveCfg = Release|Any CPU
		{BEA31CB9-278C-4BB2-828F-EF629C015F2C}.Release|Any CPU.Build.0 = Release|Any CPU
		{11C82DC2-E69E-49A7-AB4B-2DE069266171}.Debug|Any CPU.ActiveCfg = Debug|Any CPU
		{11C82DC2-E69E-49A7-AB4B-2DE069266171}.Debug|Any CPU.Build.0 = Debug|Any CPU
		{11C82DC2-E69E-49A7-AB4B-2DE069266171}.Release|Any CPU.ActiveCfg = Release|Any CPU
		{11C82DC2-E69E-49A7-AB4B-2DE069266171}.Release|Any CPU.Build.0 = Release|Any CPU
		{BCB66704-4932-4757-997F-CDC9DA6F1704}.Debug|Any CPU.ActiveCfg = Debug|Any CPU
		{BCB66704-4932-4757-997F-CDC9DA6F1704}.Debug|Any CPU.Build.0 = Debug|Any CPU
		{BCB66704-4932-4757-997F-CDC9DA6F1704}.Release|Any CPU.ActiveCfg = Release|Any CPU
		{BCB66704-4932-4757-997F-CDC9DA6F1704}.Release|Any CPU.Build.0 = Release|Any CPU
		{104EFDFA-0B34-4184-89C9-938F88CC09CE}.Debug|Any CPU.ActiveCfg = Debug|Any CPU
		{104EFDFA-0B34-4184-89C9-938F88CC09CE}.Debug|Any CPU.Build.0 = Debug|Any CPU
		{104EFDFA-0B34-4184-89C9-938F88CC09CE}.Release|Any CPU.ActiveCfg = Release|Any CPU
		{104EFDFA-0B34-4184-89C9-938F88CC09CE}.Release|Any CPU.Build.0 = Release|Any CPU
		{AF2A61B6-344A-4628-8141-AFA4CE494DA7}.Debug|Any CPU.ActiveCfg = Debug|Any CPU
		{AF2A61B6-344A-4628-8141-AFA4CE494DA7}.Debug|Any CPU.Build.0 = Debug|Any CPU
		{AF2A61B6-344A-4628-8141-AFA4CE494DA7}.Release|Any CPU.ActiveCfg = Release|Any CPU
		{AF2A61B6-344A-4628-8141-AFA4CE494DA7}.Release|Any CPU.Build.0 = Release|Any CPU
		{133F1B32-34F7-4220-9F55-76B247D3DC2B}.Debug|Any CPU.ActiveCfg = Debug|Any CPU
		{133F1B32-34F7-4220-9F55-76B247D3DC2B}.Debug|Any CPU.Build.0 = Debug|Any CPU
		{133F1B32-34F7-4220-9F55-76B247D3DC2B}.Release|Any CPU.ActiveCfg = Release|Any CPU
		{133F1B32-34F7-4220-9F55-76B247D3DC2B}.Release|Any CPU.Build.0 = Release|Any CPU
	EndGlobalSection
	GlobalSection(SolutionProperties) = preSolution
		HideSolutionNode = FALSE
	EndGlobalSection
EndGlobal
